{
  "version": 4,
  "terraform_version": "1.15.1",
  "serial": 128,
  "lineage": "4bb2d04f-88ad-38ea-f511-850da980e87f",
  "outputs": {
    "db_password": {
      "value": "FCYEFSvpI8KKVdfw",
      "type": "string",
      "sensitive": true
    },
    "lb_dns_name": {
      "value": "my-3-tier-architecture-1371401432.us-west-2.elb.amazonaws.com",
      "type": "string"
    }
  },
  "resources": [
    {
      "module": "module.autoscaling",
      "mode": "data",
      "type": "aws_ami",
      "name": "ubuntu",
      "provider": "provider[\"registry.terraform.io/hashicorp/aws\"]",
      "instances": [
        {
          "schema_version": 0,
          "attributes": {
            "architecture": "x86_64",
            "arn": "arn:aws:ec2:us-west-2::image/ami-0640ac12c85f21746",
            "block_device_mappings": [
              {
                "device_name": "/dev/sda1",
                "ebs": {
                  "delete_on_termination": "true",
                  "encrypted": "false",
                  "iops": "0",
                  "snapshot_id": "snap-0e7f9888100628d9b",
                  "throughput": "0",
                  "volume_size": "8",
                  "volume_type": "gp2"
                },
                "no_device": "",
                "virtual_name": ""
              },
              {
                "device_name": "/dev/sdb",
                "ebs": {},
                "no_device": "",
                "virtual_name": "ephemeral0"
              },
              {
                "device_name": "/dev/sdc",
                "ebs": {},
                "no_device": "",
                "virtual_name": "ephemeral1"
              }
            ],
            "creation_date": "2026-05-03T06:53:38.000Z",
            "description": "Canonical, Ubuntu, 22.04, amd64 jammy image",
            "ena_support": true,
            "executable_users": null,
            "filter": [
              {
                "name": "name",
                "values": [
                  "ubuntu/images/hvm-ssd/ubuntu-jammy-22.04-amd64-server-*"
                ]
              }
            ],
            "hypervisor": "xen",
            "id": "ami-0640ac12c85f21746",
            "image_id": "ami-0640ac12c85f21746",
            "image_location": "amazon/ubuntu/images/hvm-ssd/ubuntu-jammy-22.04-amd64-server-20260503",
            "image_owner_alias": "amazon",
            "image_type": "machine",
            "kernel_id": null,
            "most_recent": true,
            "name": "ubuntu/images/hvm-ssd/ubuntu-jammy-22.04-amd64-server-20260503",
            "name_regex": null,
            "owner_id": "099720109477",
            "owners": [
              "099720109477"
            ],
            "platform": null,
            "platform_details": "Linux/UNIX",
            "product_codes": [],
            "public": true,
            "ramdisk_id": null,
            "root_device_name": "/dev/sda1",
            "root_device_type": "ebs",
            "root_snapshot_id": "snap-0e7f9888100628d9b",
            "sriov_net_support": "simple",
            "state": "available",
            "state_reason": {
              "code": "UNSET",
              "message": "UNSET"
            },
            "tags": {},
            "usage_operation": "RunInstances",
            "virtualization_type": "hvm"
          },
          "sensitive_attributes": [],
          "identity_schema_version": 0
        }
      ]
    },
    {
      "module": "module.autoscaling",
      "mode": "data",
      "type": "cloudinit_config",
      "name": "config",
      "provider": "provider[\"registry.terraform.io/hashicorp/cloudinit\"]",
      "instances": [
        {
          "schema_version": 0,
          "attributes": {
            "base64_encode": true,
            "boundary": "MIMEBOUNDARY",
            "gzip": true,
            "id": "49226922",
            "part": [
              {
                "content": "#cloud-config\r\nwrite_files:\r\n  -   path: /etc/server.conf\r\n      owner: root:root\r\n      permissions: \"0644\"\r\n      content: |\r\n        {\r\n          \"user\":  \"admin\",\r\n          \"password\": \"FCYEFSvpI8KKVdfw\",\r\n          \"database\": \"pets\",\r\n          \"netloc\": \"my-3-tier-architecture-db-instance.c7e00q0eoe1e.us-west-2.rds.amazonaws.com:3306\"\r\n        }\r\nruncmd:\r\n  - curl -sL https://api.github.com/repos/scottwinkler/vanilla-webserver-src/releases/latest | jq -r \".assets[].browser_download_url\" | wget -qi - \r\n  - unzip deployment.zip\r\n  - ./deployment/server\r\npackages:\r\n  - jq\r\n  - wget\r\n  - unzip \r\n",
                "content_type": "text/cloud-config",
                "filename": "",
                "merge_type": ""
              }
            ],
            "rendered": "H4sIAAAAAAAA/2SSXU/cOhCG7yPlP4x8bo+T5YDgyFUvWgoSorRSP5BQVSHHnt01OLZ3ZkJYSv97lS7f5CK2530878gz+zkJJtHf1gUN9EOUUCxJ24dr9G+gy0PyltZv1cnRycH7z98/fXj35UxV00mfInHIycBWM6urutL6KVRXD7nJJp4j6YPksg9pYWCvC/IE+GsueC2ti3nw2uU0D4u6Ogk9vrL55zkzUhA8n4eIbOoKQANAsbI00KK4lpGukJqJntTpy2NCMkA5i5l+9/GC1AeevNiAmu3u7Kh7yW0qNXB7HwH49bgFUAMjKQOgrO9DUv8+E4tlHjN5ZUAd7p8dHH69Kkf/Hx+f+vn4AvVWbGcZJ7Sg8As5ocTsJrFf620tAUlbcssg6GQg1L7TIbHY5LBxezibrWaYcQubgfWILPq/hjw3trc3OdmRG5d7s70921WPPr/riobken/3oG6gCJo/wlKksGlbW0KzCLIcuul6S1gyt+yyyBjSZURqr2wKMVo9YrfpgGZyLWFEy8httIIscAsXK9AEqrHMKPzjZ9NRHhnp3OcxxWz9+UBRwS2MCxTQqwAaNkUN6SYU8FhiXveYpLkJZaM07WP0rv91Vay7tIuHGblYbdYp7dN8r+dY67r6EwAA//826X/UJgMAAA=="
          },
          "sensitive_attributes": [
            [
              {
                "type": "get_attr",
                "value": "part"
              },
              {
                "type": "index",
                "value": {
                  "value": 0,
                  "type": "number"
                }
              },
              {
                "type": "get_attr",
                "value": "content"
              }
            ]
          ],
          "identity_schema_version": 0
        }
      ]
    },
    {
      "module": "module.autoscaling",
      "mode": "managed",
      "type": "aws_autoscaling_group",
      "name": "webserver",
      "provider": "provider[\"registry.terraform.io/hashicorp/aws\"]",
      "instances": [
        {
          "schema_version": 0,
          "attributes": {
            "arn": "arn:aws:autoscaling:us-west-2:612623079854:autoScalingGroup:5f0a2e3e-de57-4e49-bf57-b50984e5fab1:autoScalingGroupName/my-3-tier-architecture-asg",
            "availability_zones": [
              "us-west-2a",
              "us-west-2b",
              "us-west-2c"
            ],
            "capacity_rebalance": false,
            "default_cooldown": 300,
            "desired_capacity": 1,
            "enabled_metrics": null,
            "force_delete": false,
            "force_delete_warm_pool": false,
            "health_check_grace_period": 300,
            "health_check_type": "EC2",
            "id": "my-3-tier-architecture-asg",
            "initial_lifecycle_hook": [],
            "instance_refresh": [],
            "launch_configuration": "",
            "launch_template": [
              {
                "id": "lt-03a1cd20889cadbec",
                "name": "my-3-tier-architecture20260506041607071300000001",
                "version": "2"
              }
            ],
            "load_balancers": null,
            "max_instance_lifetime": 0,
            "max_size": 3,
            "metrics_granularity": "1Minute",
            "min_elb_capacity": null,
            "min_size": 1,
            "mixed_instances_policy": [],
            "name": "my-3-tier-architecture-asg",
            "name_prefix": "",
            "placement_group": "",
            "protect_from_scale_in": false,
            "service_linked_role_arn": "arn:aws:iam::612623079854:role/aws-service-role/autoscaling.amazonaws.com/AWSServiceRoleForAutoScaling",
            "suspended_processes": null,
            "tag": [],
            "tags": null,
            "target_group_arns": [
              "arn:aws:elasticloadbalancing:us-west-2:612623079854:targetgroup/websvr20260506035704408500000007/8b463c4d86fae10c"
            ],
            "termination_policies": null,
            "timeouts": null,
            "vpc_zone_identifier": [
              "subnet-0a9e6c77f1d298d00",
              "subnet-0c15c44e9f7e7dc6e",
              "subnet-0ce89e37f8fbd9da9"
            ],
            "wait_for_capacity_timeout": "10m",
            "wait_for_elb_capacity": null,
            "warm_pool": []
          },
          "sensitive_attributes": [],
          "identity_schema_version": 0,
          "private": "eyJlMmJmYjczMC1lY2FhLTExZTYtOGY4OC0zNDM2M2JjN2M0YzAiOnsiZGVsZXRlIjo2MDAwMDAwMDAwMDB9fQ==",
          "dependencies": [
            "module.autoscaling.aws_launch_template.webserver",
            "module.autoscaling.data.aws_ami.ubuntu",
            "module.autoscaling.data.cloudinit_config.config",
            "module.autoscaling.module.alb.aws_lb.this",
            "module.autoscaling.module.alb.aws_lb_target_group.main",
            "module.autoscaling.module.iam_instance_profile.aws_iam_instance_profile.iam_instance_profile",
            "module.autoscaling.module.iam_instance_profile.aws_iam_role.iam_role",
            "module.database.aws_db_instance.database",
            "module.database.random_password.password",
            "module.networking.data.aws_availability_zones.available",
            "module.networking.module.db_sg.aws_security_group.security_group",
            "module.networking.module.lb_sg.aws_security_group.security_group",
            "module.networking.module.vpc.aws_cloudwatch_log_group.flow_log",
            "module.networking.module.vpc.aws_customer_gateway.this",
            "module.networking.module.vpc.aws_db_subnet_group.database",
            "module.networking.module.vpc.aws_default_network_acl.this",
            "module.networking.module.vpc.aws_default_security_group.this",
            "module.networking.module.vpc.aws_default_vpc.this",
            "module.networking.module.vpc.aws_egress_only_internet_gateway.this",
            "module.networking.module.vpc.aws_eip.nat",
            "module.networking.module.vpc.aws_elasticache_subnet_group.elasticache",
            "module.networking.module.vpc.aws_flow_log.this",
            "module.networking.module.vpc.aws_iam_policy.vpc_flow_log_cloudwatch",
            "module.networking.module.vpc.aws_iam_role.vpc_flow_log_cloudwatch",
            "module.networking.module.vpc.aws_iam_role_policy_attachment.vpc_flow_log_cloudwatch",
            "module.networking.module.vpc.aws_internet_gateway.this",
            "module.networking.module.vpc.aws_nat_gateway.this",
            "module.networking.module.vpc.aws_network_acl.database",
            "module.networking.module.vpc.aws_network_acl.elasticache",
            "module.networking.module.vpc.aws_network_acl.intra",
            "module.networking.module.vpc.aws_network_acl.private",
            "module.networking.module.vpc.aws_network_acl.public",
            "module.networking.module.vpc.aws_network_acl.redshift",
            "module.networking.module.vpc.aws_network_acl_rule.database_inbound",
            "module.networking.module.vpc.aws_network_acl_rule.database_outbound",
            "module.networking.module.vpc.aws_network_acl_rule.elasticache_inbound",
            "module.networking.module.vpc.aws_network_acl_rule.elasticache_outbound",
            "module.networking.module.vpc.aws_network_acl_rule.intra_inbound",
            "module.networking.module.vpc.aws_network_acl_rule.intra_outbound",
            "module.networking.module.vpc.aws_network_acl_rule.private_inbound",
            "module.networking.module.vpc.aws_network_acl_rule.private_outbound",
            "module.networking.module.vpc.aws_network_acl_rule.public_inbound",
            "module.networking.module.vpc.aws_network_acl_rule.public_outbound",
            "module.networking.module.vpc.aws_network_acl_rule.redshift_inbound",
            "module.networking.module.vpc.aws_network_acl_rule.redshift_outbound",
            "module.networking.module.vpc.aws_redshift_subnet_group.redshift",
            "module.networking.module.vpc.aws_route.database_internet_gateway",
            "module.networking.module.vpc.aws_route.database_ipv6_egress",
            "module.networking.module.vpc.aws_route.database_nat_gateway",
            "module.networking.module.vpc.aws_route.private_ipv6_egress",
            "module.networking.module.vpc.aws_route.private_nat_gateway",
            "module.networking.module.vpc.aws_route.public_internet_gateway",
            "module.networking.module.vpc.aws_route.public_internet_gateway_ipv6",
            "module.networking.module.vpc.aws_route_table.database",
            "module.networking.module.vpc.aws_route_table.elasticache",
            "module.networking.module.vpc.aws_route_table.intra",
            "module.networking.module.vpc.aws_route_table.private",
            "module.networking.module.vpc.aws_route_table.public",
            "module.networking.module.vpc.aws_route_table.redshift",
            "module.networking.module.vpc.aws_route_table_association.database",
            "module.networking.module.vpc.aws_route_table_association.elasticache",
            "module.networking.module.vpc.aws_route_table_association.intra",
            "module.networking.module.vpc.aws_route_table_association.private",
            "module.networking.module.vpc.aws_route_table_association.public",
            "module.networking.module.vpc.aws_route_table_association.redshift",
            "module.networking.module.vpc.aws_route_table_association.redshift_public",
            "module.networking.module.vpc.aws_subnet.database",
            "module.networking.module.vpc.aws_subnet.elasticache",
            "module.networking.module.vpc.aws_subnet.intra",
            "module.networking.module.vpc.aws_subnet.private",
            "module.networking.module.vpc.aws_subnet.public",
            "module.networking.module.vpc.aws_subnet.redshift",
            "module.networking.module.vpc.aws_vpc.this",
            "module.networking.module.vpc.aws_vpc_dhcp_options.this",
            "module.networking.module.vpc.aws_vpc_dhcp_options_association.this",
            "module.networking.module.vpc.aws_vpc_endpoint.access_analyzer",
            "module.networking.module.vpc.aws_vpc_endpoint.acm_pca",
            "module.networking.module.vpc.aws_vpc_endpoint.apigw",
            "module.networking.module.vpc.aws_vpc_endpoint.appmesh_envoy_management",
            "module.networking.module.vpc.aws_vpc_endpoint.appstream_api",
            "module.networking.module.vpc.aws_vpc_endpoint.appstream_streaming",
            "module.networking.module.vpc.aws_vpc_endpoint.athena",
            "module.networking.module.vpc.aws_vpc_endpoint.auto_scaling_plans",
            "module.networking.module.vpc.aws_vpc_endpoint.cloud_directory",
            "module.networking.module.vpc.aws_vpc_endpoint.cloudformation",
            "module.networking.module.vpc.aws_vpc_endpoint.cloudtrail",
            "module.networking.module.vpc.aws_vpc_endpoint.codeartifact_api",
            "module.networking.module.vpc.aws_vpc_endpoint.codeartifact_repositories",
            "module.networking.module.vpc.aws_vpc_endpoint.codebuild",
            "module.networking.module.vpc.aws_vpc_endpoint.codecommit",
            "module.networking.module.vpc.aws_vpc_endpoint.codedeploy",
            "module.networking.module.vpc.aws_vpc_endpoint.codedeploy_commands_secure",
            "module.networking.module.vpc.aws_vpc_endpoint.codepipeline",
            "module.networking.module.vpc.aws_vpc_endpoint.config",
            "module.networking.module.vpc.aws_vpc_endpoint.datasync",
            "module.networking.module.vpc.aws_vpc_endpoint.dynamodb",
            "module.networking.module.vpc.aws_vpc_endpoint.ebs",
            "module.networking.module.vpc.aws_vpc_endpoint.ec2",
            "module.networking.module.vpc.aws_vpc_endpoint.ec2_autoscaling",
            "module.networking.module.vpc.aws_vpc_endpoint.ec2messages",
            "module.networking.module.vpc.aws_vpc_endpoint.ecr_api",
            "module.networking.module.vpc.aws_vpc_endpoint.ecr_dkr",
            "module.networking.module.vpc.aws_vpc_endpoint.ecs",
            "module.networking.module.vpc.aws_vpc_endpoint.ecs_agent",
            "module.networking.module.vpc.aws_vpc_endpoint.ecs_telemetry",
            "module.networking.module.vpc.aws_vpc_endpoint.efs",
            "module.networking.module.vpc.aws_vpc_endpoint.elastic_inference_runtime",
            "module.networking.module.vpc.aws_vpc_endpoint.elasticbeanstalk",
            "module.networking.module.vpc.aws_vpc_endpoint.elasticbeanstalk_health",
            "module.networking.module.vpc.aws_vpc_endpoint.elasticloadbalancing",
            "module.networking.module.vpc.aws_vpc_endpoint.emr",
            "module.networking.module.vpc.aws_vpc_endpoint.events",
            "module.networking.module.vpc.aws_vpc_endpoint.git_codecommit",
            "module.networking.module.vpc.aws_vpc_endpoint.glue",
            "module.networking.module.vpc.aws_vpc_endpoint.kinesis_firehose",
            "module.networking.module.vpc.aws_vpc_endpoint.kinesis_streams",
            "module.networking.module.vpc.aws_vpc_endpoint.kms",
            "module.networking.module.vpc.aws_vpc_endpoint.lambda",
            "module.networking.module.vpc.aws_vpc_endpoint.logs",
            "module.networking.module.vpc.aws_vpc_endpoint.monitoring",
            "module.networking.module.vpc.aws_vpc_endpoint.qldb_session",
            "module.networking.module.vpc.aws_vpc_endpoint.rds",
            "module.networking.module.vpc.aws_vpc_endpoint.rekognition",
            "module.networking.module.vpc.aws_vpc_endpoint.s3",
            "module.networking.module.vpc.aws_vpc_endpoint.sagemaker_api",
            "module.networking.module.vpc.aws_vpc_endpoint.sagemaker_notebook",
            "module.networking.module.vpc.aws_vpc_endpoint.sagemaker_runtime",
            "module.networking.module.vpc.aws_vpc_endpoint.secretsmanager",
            "module.networking.module.vpc.aws_vpc_endpoint.servicecatalog",
            "module.networking.module.vpc.aws_vpc_endpoint.ses",
            "module.networking.module.vpc.aws_vpc_endpoint.sms",
            "module.networking.module.vpc.aws_vpc_endpoint.sns",
            "module.networking.module.vpc.aws_vpc_endpoint.sqs",
            "module.networking.module.vpc.aws_vpc_endpoint.ssm",
            "module.networking.module.vpc.aws_vpc_endpoint.ssmmessages",
            "module.networking.module.vpc.aws_vpc_endpoint.states",
            "module.networking.module.vpc.aws_vpc_endpoint.storagegateway",
            "module.networking.module.vpc.aws_vpc_endpoint.sts",
            "module.networking.module.vpc.aws_vpc_endpoint.textract",
            "module.networking.module.vpc.aws_vpc_endpoint.transfer",
            "module.networking.module.vpc.aws_vpc_endpoint.transferserver",
            "module.networking.module.vpc.aws_vpc_endpoint.workspaces",
            "module.networking.module.vpc.aws_vpc_endpoint_route_table_association.intra_dynamodb",
            "module.networking.module.vpc.aws_vpc_endpoint_route_table_association.intra_s3",
            "module.networking.module.vpc.aws_vpc_endpoint_route_table_association.private_dynamodb",
            "module.networking.module.vpc.aws_vpc_endpoint_route_table_association.private_s3",
            "module.networking.module.vpc.aws_vpc_endpoint_route_table_association.public_dynamodb",
            "module.networking.module.vpc.aws_vpc_endpoint_route_table_association.public_s3",
            "module.networking.module.vpc.aws_vpc_ipv4_cidr_block_association.this",
            "module.networking.module.vpc.aws_vpn_gateway.this",
            "module.networking.module.vpc.aws_vpn_gateway_attachment.this",
            "module.networking.module.vpc.aws_vpn_gateway_route_propagation.intra",
            "module.networking.module.vpc.aws_vpn_gateway_route_propagation.private",
            "module.networking.module.vpc.aws_vpn_gateway_route_propagation.public",
            "module.networking.module.vpc.data.aws_iam_policy_document.flow_log_cloudwatch_assume_role",
            "module.networking.module.vpc.data.aws_iam_policy_document.vpc_flow_log_cloudwatch",
            "module.networking.module.vpc.data.aws_vpc_endpoint_service.access_analyzer",
            "module.networking.module.vpc.data.aws_vpc_endpoint_service.acm_pca",
            "module.networking.module.vpc.data.aws_vpc_endpoint_service.apigw",
            "module.networking.module.vpc.data.aws_vpc_endpoint_service.appmesh_envoy_management",
            "module.networking.module.vpc.data.aws_vpc_endpoint_service.appstream_api",
            "module.networking.module.vpc.data.aws_vpc_endpoint_service.appstream_streaming",
            "module.networking.module.vpc.data.aws_vpc_endpoint_service.athena",
            "module.networking.module.vpc.data.aws_vpc_endpoint_service.auto_scaling_plans",
            "module.networking.module.vpc.data.aws_vpc_endpoint_service.cloud_directory",
            "module.networking.module.vpc.data.aws_vpc_endpoint_service.cloudformation",
            "module.networking.module.vpc.data.aws_vpc_endpoint_service.cloudtrail",
            "module.networking.module.vpc.data.aws_vpc_endpoint_service.codeartifact_api",
            "module.networking.module.vpc.data.aws_vpc_endpoint_service.codeartifact_repositories",
            "module.networking.module.vpc.data.aws_vpc_endpoint_service.codebuild",
            "module.networking.module.vpc.data.aws_vpc_endpoint_service.codecommit",
            "module.networking.module.vpc.data.aws_vpc_endpoint_service.codedeploy",
            "module.networking.module.vpc.data.aws_vpc_endpoint_service.codedeploy_commands_secure",
            "module.networking.module.vpc.data.aws_vpc_endpoint_service.codepipeline",
            "module.networking.module.vpc.data.aws_vpc_endpoint_service.config",
            "module.networking.module.vpc.data.aws_vpc_endpoint_service.datasync",
            "module.networking.module.vpc.data.aws_vpc_endpoint_service.dynamodb",
            "module.networking.module.vpc.data.aws_vpc_endpoint_service.ebs",
            "module.networking.module.vpc.data.aws_vpc_endpoint_service.ec2",
            "module.networking.module.vpc.data.aws_vpc_endpoint_service.ec2_autoscaling",
            "module.networking.module.vpc.data.aws_vpc_endpoint_service.ec2messages",
            "module.networking.module.vpc.data.aws_vpc_endpoint_service.ecr_api",
            "module.networking.module.vpc.data.aws_vpc_endpoint_service.ecr_dkr",
            "module.networking.module.vpc.data.aws_vpc_endpoint_service.ecs",
            "module.networking.module.vpc.data.aws_vpc_endpoint_service.ecs_agent",
            "module.networking.module.vpc.data.aws_vpc_endpoint_service.ecs_telemetry",
            "module.networking.module.vpc.data.aws_vpc_endpoint_service.efs",
            "module.networking.module.vpc.data.aws_vpc_endpoint_service.elastic_inference_runtime",
            "module.networking.module.vpc.data.aws_vpc_endpoint_service.elasticbeanstalk",
            "module.networking.module.vpc.data.aws_vpc_endpoint_service.elasticbeanstalk_health",
            "module.networking.module.vpc.data.aws_vpc_endpoint_service.elasticloadbalancing",
            "module.networking.module.vpc.data.aws_vpc_endpoint_service.emr",
            "module.networking.module.vpc.data.aws_vpc_endpoint_service.events",
            "module.networking.module.vpc.data.aws_vpc_endpoint_service.git_codecommit",
            "module.networking.module.vpc.data.aws_vpc_endpoint_service.glue",
            "module.networking.module.vpc.data.aws_vpc_endpoint_service.kinesis_firehose",
            "module.networking.module.vpc.data.aws_vpc_endpoint_service.kinesis_streams",
            "module.networking.module.vpc.data.aws_vpc_endpoint_service.kms",
            "module.networking.module.vpc.data.aws_vpc_endpoint_service.lambda",
            "module.networking.module.vpc.data.aws_vpc_endpoint_service.logs",
            "module.networking.module.vpc.data.aws_vpc_endpoint_service.monitoring",
            "module.networking.module.vpc.data.aws_vpc_endpoint_service.qldb_session",
            "module.networking.module.vpc.data.aws_vpc_endpoint_service.rds",
            "module.networking.module.vpc.data.aws_vpc_endpoint_service.rekognition",
            "module.networking.module.vpc.data.aws_vpc_endpoint_service.s3",
            "module.networking.module.vpc.data.aws_vpc_endpoint_service.sagemaker_api",
            "module.networking.module.vpc.data.aws_vpc_endpoint_service.sagemaker_notebook",
            "module.networking.module.vpc.data.aws_vpc_endpoint_service.sagemaker_runtime",
            "module.networking.module.vpc.data.aws_vpc_endpoint_service.secretsmanager",
            "module.networking.module.vpc.data.aws_vpc_endpoint_service.servicecatalog",
            "module.networking.module.vpc.data.aws_vpc_endpoint_service.ses",
            "module.networking.module.vpc.data.aws_vpc_endpoint_service.sms",
            "module.networking.module.vpc.data.aws_vpc_endpoint_service.sns",
            "module.networking.module.vpc.data.aws_vpc_endpoint_service.sqs",
            "module.networking.module.vpc.data.aws_vpc_endpoint_service.ssm",
            "module.networking.module.vpc.data.aws_vpc_endpoint_service.ssmmessages",
            "module.networking.module.vpc.data.aws_vpc_endpoint_service.states",
            "module.networking.module.vpc.data.aws_vpc_endpoint_service.storagegateway",
            "module.networking.module.vpc.data.aws_vpc_endpoint_service.sts",
            "module.networking.module.vpc.data.aws_vpc_endpoint_service.textract",
            "module.networking.module.vpc.data.aws_vpc_endpoint_service.transfer",
            "module.networking.module.vpc.data.aws_vpc_endpoint_service.transferserver",
            "module.networking.module.vpc.data.aws_vpc_endpoint_service.workspaces",
            "module.networking.module.websvr_sg.aws_security_group.security_group"
          ]
        }
      ]
    },
    {
      "module": "module.autoscaling",
      "mode": "managed",
      "type": "aws_launch_template",
      "name": "webserver",
      "provider": "provider[\"registry.terraform.io/hashicorp/aws\"]",
      "instances": [
        {
          "schema_version": 0,
          "attributes": {
            "arn": "arn:aws:ec2:us-west-2:612623079854:launch-template/lt-03a1cd20889cadbec",
            "block_device_mappings": [],
            "capacity_reservation_specification": [],
            "cpu_options": [],
            "credit_specification": [],
            "default_version": 1,
            "description": "",
            "disable_api_termination": false,
            "ebs_optimized": "",
            "elastic_gpu_specifications": [],
            "elastic_inference_accelerator": [],
            "enclave_options": [],
            "hibernation_options": [],
            "iam_instance_profile": [
              {
                "arn": "",
                "name": "terraform-20260506035214065200000003"
              }
            ],
            "id": "lt-03a1cd20889cadbec",
            "image_id": "ami-0640ac12c85f21746",
            "instance_initiated_shutdown_behavior": "",
            "instance_market_options": [],
            "instance_type": "t3.micro",
            "kernel_id": "",
            "key_name": "",
            "latest_version": 2,
            "license_specification": [],
            "metadata_options": [],
            "monitoring": [],
            "name": "my-3-tier-architecture20260506041607071300000001",
            "name_prefix": "my-3-tier-architecture",
            "network_interfaces": [],
            "placement": [],
            "ram_disk_id": "",
            "security_group_names": [],
            "tag_specifications": [],
            "tags": {},
            "tags_all": {},
            "update_default_version": null,
            "user_data": "H4sIAAAAAAAA/2SSXU/cOhCG7yPlP4x8bo+T5YDgyFUvWgoSorRSP5BQVSHHnt01OLZ3ZkJYSv97lS7f5CK2530878gz+zkJJtHf1gUN9EOUUCxJ24dr9G+gy0PyltZv1cnRycH7z98/fXj35UxV00mfInHIycBWM6urutL6KVRXD7nJJp4j6YPksg9pYWCvC/IE+GsueC2ti3nw2uU0D4u6Ogk9vrL55zkzUhA8n4eIbOoKQANAsbI00KK4lpGukJqJntTpy2NCMkA5i5l+9/GC1AeevNiAmu3u7Kh7yW0qNXB7HwH49bgFUAMjKQOgrO9DUv8+E4tlHjN5ZUAd7p8dHH69Kkf/Hx+f+vn4AvVWbGcZJ7Sg8As5ocTsJrFf620tAUlbcssg6GQg1L7TIbHY5LBxezibrWaYcQubgfWILPq/hjw3trc3OdmRG5d7s70921WPPr/riobken/3oG6gCJo/wlKksGlbW0KzCLIcuul6S1gyt+yyyBjSZURqr2wKMVo9YrfpgGZyLWFEy8httIIscAsXK9AEqrHMKPzjZ9NRHhnp3OcxxWz9+UBRwS2MCxTQqwAaNkUN6SYU8FhiXveYpLkJZaM07WP0rv91Vay7tIuHGblYbdYp7dN8r+dY67r6EwAA//826X/UJgMAAA==",
            "vpc_security_group_ids": [
              "sg-07801e5ce7016a2c5"
            ]
          },
          "sensitive_attributes": [],
          "identity_schema_version": 0,
          "private": "bnVsbA==",
          "dependencies": [
            "module.autoscaling.data.aws_ami.ubuntu",
            "module.autoscaling.data.cloudinit_config.config",
            "module.autoscaling.module.iam_instance_profile.aws_iam_instance_profile.iam_instance_profile",
            "module.autoscaling.module.iam_instance_profile.aws_iam_role.iam_role",
            "module.database.aws_db_instance.database",
            "module.database.random_password.password",
            "module.networking.data.aws_availability_zones.available",
            "module.networking.module.db_sg.aws_security_group.security_group",
            "module.networking.module.lb_sg.aws_security_group.security_group",
            "module.networking.module.vpc.aws_cloudwatch_log_group.flow_log",
            "module.networking.module.vpc.aws_customer_gateway.this",
            "module.networking.module.vpc.aws_db_subnet_group.database",
            "module.networking.module.vpc.aws_default_network_acl.this",
            "module.networking.module.vpc.aws_default_security_group.this",
            "module.networking.module.vpc.aws_default_vpc.this",
            "module.networking.module.vpc.aws_egress_only_internet_gateway.this",
            "module.networking.module.vpc.aws_eip.nat",
            "module.networking.module.vpc.aws_elasticache_subnet_group.elasticache",
            "module.networking.module.vpc.aws_flow_log.this",
            "module.networking.module.vpc.aws_iam_policy.vpc_flow_log_cloudwatch",
            "module.networking.module.vpc.aws_iam_role.vpc_flow_log_cloudwatch",
            "module.networking.module.vpc.aws_iam_role_policy_attachment.vpc_flow_log_cloudwatch",
            "module.networking.module.vpc.aws_internet_gateway.this",
            "module.networking.module.vpc.aws_nat_gateway.this",
            "module.networking.module.vpc.aws_network_acl.database",
            "module.networking.module.vpc.aws_network_acl.elasticache",
            "module.networking.module.vpc.aws_network_acl.intra",
            "module.networking.module.vpc.aws_network_acl.private",
            "module.networking.module.vpc.aws_network_acl.public",
            "module.networking.module.vpc.aws_network_acl.redshift",
            "module.networking.module.vpc.aws_network_acl_rule.database_inbound",
            "module.networking.module.vpc.aws_network_acl_rule.database_outbound",
            "module.networking.module.vpc.aws_network_acl_rule.elasticache_inbound",
            "module.networking.module.vpc.aws_network_acl_rule.elasticache_outbound",
            "module.networking.module.vpc.aws_network_acl_rule.intra_inbound",
            "module.networking.module.vpc.aws_network_acl_rule.intra_outbound",
            "module.networking.module.vpc.aws_network_acl_rule.private_inbound",
            "module.networking.module.vpc.aws_network_acl_rule.private_outbound",
            "module.networking.module.vpc.aws_network_acl_rule.public_inbound",
            "module.networking.module.vpc.aws_network_acl_rule.public_outbound",
            "module.networking.module.vpc.aws_network_acl_rule.redshift_inbound",
            "module.networking.module.vpc.aws_network_acl_rule.redshift_outbound",
            "module.networking.module.vpc.aws_redshift_subnet_group.redshift",
            "module.networking.module.vpc.aws_route.database_internet_gateway",
            "module.networking.module.vpc.aws_route.database_ipv6_egress",
            "module.networking.module.vpc.aws_route.database_nat_gateway",
            "module.networking.module.vpc.aws_route.private_ipv6_egress",
            "module.networking.module.vpc.aws_route.private_nat_gateway",
            "module.networking.module.vpc.aws_route.public_internet_gateway",
            "module.networking.module.vpc.aws_route.public_internet_gateway_ipv6",
            "module.networking.module.vpc.aws_route_table.database",
            "module.networking.module.vpc.aws_route_table.elasticache",
            "module.networking.module.vpc.aws_route_table.intra",
            "module.networking.module.vpc.aws_route_table.private",
            "module.networking.module.vpc.aws_route_table.public",
            "module.networking.module.vpc.aws_route_table.redshift",
            "module.networking.module.vpc.aws_route_table_association.database",
            "module.networking.module.vpc.aws_route_table_association.elasticache",
            "module.networking.module.vpc.aws_route_table_association.intra",
            "module.networking.module.vpc.aws_route_table_association.private",
            "module.networking.module.vpc.aws_route_table_association.public",
            "module.networking.module.vpc.aws_route_table_association.redshift",
            "module.networking.module.vpc.aws_route_table_association.redshift_public",
            "module.networking.module.vpc.aws_subnet.database",
            "module.networking.module.vpc.aws_subnet.elasticache",
            "module.networking.module.vpc.aws_subnet.intra",
            "module.networking.module.vpc.aws_subnet.private",
            "module.networking.module.vpc.aws_subnet.public",
            "module.networking.module.vpc.aws_subnet.redshift",
            "module.networking.module.vpc.aws_vpc.this",
            "module.networking.module.vpc.aws_vpc_dhcp_options.this",
            "module.networking.module.vpc.aws_vpc_dhcp_options_association.this",
            "module.networking.module.vpc.aws_vpc_endpoint.access_analyzer",
            "module.networking.module.vpc.aws_vpc_endpoint.acm_pca",
            "module.networking.module.vpc.aws_vpc_endpoint.apigw",
            "module.networking.module.vpc.aws_vpc_endpoint.appmesh_envoy_management",
            "module.networking.module.vpc.aws_vpc_endpoint.appstream_api",
            "module.networking.module.vpc.aws_vpc_endpoint.appstream_streaming",
            "module.networking.module.vpc.aws_vpc_endpoint.athena",
            "module.networking.module.vpc.aws_vpc_endpoint.auto_scaling_plans",
            "module.networking.module.vpc.aws_vpc_endpoint.cloud_directory",
            "module.networking.module.vpc.aws_vpc_endpoint.cloudformation",
            "module.networking.module.vpc.aws_vpc_endpoint.cloudtrail",
            "module.networking.module.vpc.aws_vpc_endpoint.codeartifact_api",
            "module.networking.module.vpc.aws_vpc_endpoint.codeartifact_repositories",
            "module.networking.module.vpc.aws_vpc_endpoint.codebuild",
            "module.networking.module.vpc.aws_vpc_endpoint.codecommit",
            "module.networking.module.vpc.aws_vpc_endpoint.codedeploy",
            "module.networking.module.vpc.aws_vpc_endpoint.codedeploy_commands_secure",
            "module.networking.module.vpc.aws_vpc_endpoint.codepipeline",
            "module.networking.module.vpc.aws_vpc_endpoint.config",
            "module.networking.module.vpc.aws_vpc_endpoint.datasync",
            "module.networking.module.vpc.aws_vpc_endpoint.dynamodb",
            "module.networking.module.vpc.aws_vpc_endpoint.ebs",
            "module.networking.module.vpc.aws_vpc_endpoint.ec2",
            "module.networking.module.vpc.aws_vpc_endpoint.ec2_autoscaling",
            "module.networking.module.vpc.aws_vpc_endpoint.ec2messages",
            "module.networking.module.vpc.aws_vpc_endpoint.ecr_api",
            "module.networking.module.vpc.aws_vpc_endpoint.ecr_dkr",
            "module.networking.module.vpc.aws_vpc_endpoint.ecs",
            "module.networking.module.vpc.aws_vpc_endpoint.ecs_agent",
            "module.networking.module.vpc.aws_vpc_endpoint.ecs_telemetry",
            "module.networking.module.vpc.aws_vpc_endpoint.efs",
            "module.networking.module.vpc.aws_vpc_endpoint.elastic_inference_runtime",
            "module.networking.module.vpc.aws_vpc_endpoint.elasticbeanstalk",
            "module.networking.module.vpc.aws_vpc_endpoint.elasticbeanstalk_health",
            "module.networking.module.vpc.aws_vpc_endpoint.elasticloadbalancing",
            "module.networking.module.vpc.aws_vpc_endpoint.emr",
            "module.networking.module.vpc.aws_vpc_endpoint.events",
            "module.networking.module.vpc.aws_vpc_endpoint.git_codecommit",
            "module.networking.module.vpc.aws_vpc_endpoint.glue",
            "module.networking.module.vpc.aws_vpc_endpoint.kinesis_firehose",
            "module.networking.module.vpc.aws_vpc_endpoint.kinesis_streams",
            "module.networking.module.vpc.aws_vpc_endpoint.kms",
            "module.networking.module.vpc.aws_vpc_endpoint.lambda",
            "module.networking.module.vpc.aws_vpc_endpoint.logs",
            "module.networking.module.vpc.aws_vpc_endpoint.monitoring",
            "module.networking.module.vpc.aws_vpc_endpoint.qldb_session",
            "module.networking.module.vpc.aws_vpc_endpoint.rds",
            "module.networking.module.vpc.aws_vpc_endpoint.rekognition",
            "module.networking.module.vpc.aws_vpc_endpoint.s3",
            "module.networking.module.vpc.aws_vpc_endpoint.sagemaker_api",
            "module.networking.module.vpc.aws_vpc_endpoint.sagemaker_notebook",
            "module.networking.module.vpc.aws_vpc_endpoint.sagemaker_runtime",
            "module.networking.module.vpc.aws_vpc_endpoint.secretsmanager",
            "module.networking.module.vpc.aws_vpc_endpoint.servicecatalog",
            "module.networking.module.vpc.aws_vpc_endpoint.ses",
            "module.networking.module.vpc.aws_vpc_endpoint.sms",
            "module.networking.module.vpc.aws_vpc_endpoint.sns",
            "module.networking.module.vpc.aws_vpc_endpoint.sqs",
            "module.networking.module.vpc.aws_vpc_endpoint.ssm",
            "module.networking.module.vpc.aws_vpc_endpoint.ssmmessages",
            "module.networking.module.vpc.aws_vpc_endpoint.states",
            "module.networking.module.vpc.aws_vpc_endpoint.storagegateway",
            "module.networking.module.vpc.aws_vpc_endpoint.sts",
            "module.networking.module.vpc.aws_vpc_endpoint.textract",
            "module.networking.module.vpc.aws_vpc_endpoint.transfer",
            "module.networking.module.vpc.aws_vpc_endpoint.transferserver",
            "module.networking.module.vpc.aws_vpc_endpoint.workspaces",
            "module.networking.module.vpc.aws_vpc_endpoint_route_table_association.intra_dynamodb",
            "module.networking.module.vpc.aws_vpc_endpoint_route_table_association.intra_s3",
            "module.networking.module.vpc.aws_vpc_endpoint_route_table_association.private_dynamodb",
            "module.networking.module.vpc.aws_vpc_endpoint_route_table_association.private_s3",
            "module.networking.module.vpc.aws_vpc_endpoint_route_table_association.public_dynamodb",
            "module.networking.module.vpc.aws_vpc_endpoint_route_table_association.public_s3",
            "module.networking.module.vpc.aws_vpc_ipv4_cidr_block_association.this",
            "module.networking.module.vpc.aws_vpn_gateway.this",
            "module.networking.module.vpc.aws_vpn_gateway_attachment.this",
            "module.networking.module.vpc.aws_vpn_gateway_route_propagation.intra",
            "module.networking.module.vpc.aws_vpn_gateway_route_propagation.private",
            "module.networking.module.vpc.aws_vpn_gateway_route_propagation.public",
            "module.networking.module.vpc.data.aws_iam_policy_document.flow_log_cloudwatch_assume_role",
            "module.networking.module.vpc.data.aws_iam_policy_document.vpc_flow_log_cloudwatch",
            "module.networking.module.vpc.data.aws_vpc_endpoint_service.access_analyzer",
            "module.networking.module.vpc.data.aws_vpc_endpoint_service.acm_pca",
            "module.networking.module.vpc.data.aws_vpc_endpoint_service.apigw",
            "module.networking.module.vpc.data.aws_vpc_endpoint_service.appmesh_envoy_management",
            "module.networking.module.vpc.data.aws_vpc_endpoint_service.appstream_api",
            "module.networking.module.vpc.data.aws_vpc_endpoint_service.appstream_streaming",
            "module.networking.module.vpc.data.aws_vpc_endpoint_service.athena",
            "module.networking.module.vpc.data.aws_vpc_endpoint_service.auto_scaling_plans",
            "module.networking.module.vpc.data.aws_vpc_endpoint_service.cloud_directory",
            "module.networking.module.vpc.data.aws_vpc_endpoint_service.cloudformation",
            "module.networking.module.vpc.data.aws_vpc_endpoint_service.cloudtrail",
            "module.networking.module.vpc.data.aws_vpc_endpoint_service.codeartifact_api",
            "module.networking.module.vpc.data.aws_vpc_endpoint_service.codeartifact_repositories",
            "module.networking.module.vpc.data.aws_vpc_endpoint_service.codebuild",
            "module.networking.module.vpc.data.aws_vpc_endpoint_service.codecommit",
            "module.networking.module.vpc.data.aws_vpc_endpoint_service.codedeploy",
            "module.networking.module.vpc.data.aws_vpc_endpoint_service.codedeploy_commands_secure",
            "module.networking.module.vpc.data.aws_vpc_endpoint_service.codepipeline",
            "module.networking.module.vpc.data.aws_vpc_endpoint_service.config",
            "module.networking.module.vpc.data.aws_vpc_endpoint_service.datasync",
            "module.networking.module.vpc.data.aws_vpc_endpoint_service.dynamodb",
            "module.networking.module.vpc.data.aws_vpc_endpoint_service.ebs",
            "module.networking.module.vpc.data.aws_vpc_endpoint_service.ec2",
            "module.networking.module.vpc.data.aws_vpc_endpoint_service.ec2_autoscaling",
            "module.networking.module.vpc.data.aws_vpc_endpoint_service.ec2messages",
            "module.networking.module.vpc.data.aws_vpc_endpoint_service.ecr_api",
            "module.networking.module.vpc.data.aws_vpc_endpoint_service.ecr_dkr",
            "module.networking.module.vpc.data.aws_vpc_endpoint_service.ecs",
            "module.networking.module.vpc.data.aws_vpc_endpoint_service.ecs_agent",
            "module.networking.module.vpc.data.aws_vpc_endpoint_service.ecs_telemetry",
            "module.networking.module.vpc.data.aws_vpc_endpoint_service.efs",
            "module.networking.module.vpc.data.aws_vpc_endpoint_service.elastic_inference_runtime",
            "module.networking.module.vpc.data.aws_vpc_endpoint_service.elasticbeanstalk",
            "module.networking.module.vpc.data.aws_vpc_endpoint_service.elasticbeanstalk_health",
            "module.networking.module.vpc.data.aws_vpc_endpoint_service.elasticloadbalancing",
            "module.networking.module.vpc.data.aws_vpc_endpoint_service.emr",
            "module.networking.module.vpc.data.aws_vpc_endpoint_service.events",
            "module.networking.module.vpc.data.aws_vpc_endpoint_service.git_codecommit",
            "module.networking.module.vpc.data.aws_vpc_endpoint_service.glue",
            "module.networking.module.vpc.data.aws_vpc_endpoint_service.kinesis_firehose",
            "module.networking.module.vpc.data.aws_vpc_endpoint_service.kinesis_streams",
            "module.networking.module.vpc.data.aws_vpc_endpoint_service.kms",
            "module.networking.module.vpc.data.aws_vpc_endpoint_service.lambda",
            "module.networking.module.vpc.data.aws_vpc_endpoint_service.logs",
            "module.networking.module.vpc.data.aws_vpc_endpoint_service.monitoring",
            "module.networking.module.vpc.data.aws_vpc_endpoint_service.qldb_session",
            "module.networking.module.vpc.data.aws_vpc_endpoint_service.rds",
            "module.networking.module.vpc.data.aws_vpc_endpoint_service.rekognition",
            "module.networking.module.vpc.data.aws_vpc_endpoint_service.s3",
            "module.networking.module.vpc.data.aws_vpc_endpoint_service.sagemaker_api",
            "module.networking.module.vpc.data.aws_vpc_endpoint_service.sagemaker_notebook",
            "module.networking.module.vpc.data.aws_vpc_endpoint_service.sagemaker_runtime",
            "module.networking.module.vpc.data.aws_vpc_endpoint_service.secretsmanager",
            "module.networking.module.vpc.data.aws_vpc_endpoint_service.servicecatalog",
            "module.networking.module.vpc.data.aws_vpc_endpoint_service.ses",
            "module.networking.module.vpc.data.aws_vpc_endpoint_service.sms",
            "module.networking.module.vpc.data.aws_vpc_endpoint_service.sns",
            "module.networking.module.vpc.data.aws_vpc_endpoint_service.sqs",
            "module.networking.module.vpc.data.aws_vpc_endpoint_service.ssm",
            "module.networking.module.vpc.data.aws_vpc_endpoint_service.ssmmessages",
            "module.networking.module.vpc.data.aws_vpc_endpoint_service.states",
            "module.networking.module.vpc.data.aws_vpc_endpoint_service.storagegateway",
            "module.networking.module.vpc.data.aws_vpc_endpoint_service.sts",
            "module.networking.module.vpc.data.aws_vpc_endpoint_service.textract",
            "module.networking.module.vpc.data.aws_vpc_endpoint_service.transfer",
            "module.networking.module.vpc.data.aws_vpc_endpoint_service.transferserver",
            "module.networking.module.vpc.data.aws_vpc_endpoint_service.workspaces",
            "module.networking.module.websvr_sg.aws_security_group.security_group"
          ]
        }
      ]
    },
    {
      "module": "module.autoscaling.module.alb",
      "mode": "managed",
      "type": "aws_lb",
      "name": "this",
      "provider": "provider[\"registry.terraform.io/hashicorp/aws\"]",
      "instances": [
        {
          "index_key": 0,
          "schema_version": 0,
          "attributes": {
            "access_logs": [
              {
                "bucket": "",
                "enabled": false,
                "prefix": ""
              }
            ],
            "arn": "arn:aws:elasticloadbalancing:us-west-2:612623079854:loadbalancer/app/my-3-tier-architecture/6bf8d0e5bf7259d7",
            "arn_suffix": "app/my-3-tier-architecture/6bf8d0e5bf7259d7",
            "customer_owned_ipv4_pool": "",
            "dns_name": "my-3-tier-architecture-1371401432.us-west-2.elb.amazonaws.com",
            "drop_invalid_header_fields": false,
            "enable_cross_zone_load_balancing": true,
            "enable_deletion_protection": false,
            "enable_http2": true,
            "id": "arn:aws:elasticloadbalancing:us-west-2:612623079854:loadbalancer/app/my-3-tier-architecture/6bf8d0e5bf7259d7",
            "idle_timeout": 60,
            "internal": false,
            "ip_address_type": "ipv4",
            "load_balancer_type": "application",
            "name": "my-3-tier-architecture",
            "name_prefix": null,
            "security_groups": [
              "sg-07315936de3b2b638"
            ],
            "subnet_mapping": [
              {
                "allocation_id": "",
                "ipv6_address": "",
                "outpost_id": "",
                "private_ipv4_address": "",
                "subnet_id": "subnet-0875a7f462462ab9c"
              },
              {
                "allocation_id": "",
                "ipv6_address": "",
                "outpost_id": "",
                "private_ipv4_address": "",
                "subnet_id": "subnet-0bff6144eb4a91689"
              },
              {
                "allocation_id": "",
                "ipv6_address": "",
                "outpost_id": "",
                "private_ipv4_address": "",
                "subnet_id": "subnet-0c89dcf9d6fa20d63"
              }
            ],
            "subnets": [
              "subnet-0875a7f462462ab9c",
              "subnet-0bff6144eb4a91689",
              "subnet-0c89dcf9d6fa20d63"
            ],
            "tags": {
              "Name": "my-3-tier-architecture"
            },
            "tags_all": {
              "Name": "my-3-tier-architecture"
            },
            "timeouts": {
              "create": "10m",
              "delete": "10m",
              "update": "10m"
            },
            "vpc_id": "vpc-066c7bc9d44343408",
            "zone_id": "Z1H1FL5HABSF5"
          },
          "sensitive_attributes": [],
          "identity_schema_version": 0,
          "private": "eyJlMmJmYjczMC1lY2FhLTExZTYtOGY4OC0zNDM2M2JjN2M0YzAiOnsiY3JlYXRlIjo2MDAwMDAwMDAwMDAsImRlbGV0ZSI6NjAwMDAwMDAwMDAwLCJ1cGRhdGUiOjYwMDAwMDAwMDAwMH19",
          "dependencies": [
            "module.networking.data.aws_availability_zones.available",
            "module.networking.module.db_sg.aws_security_group.security_group",
            "module.networking.module.lb_sg.aws_security_group.security_group",
            "module.networking.module.vpc.aws_cloudwatch_log_group.flow_log",
            "module.networking.module.vpc.aws_customer_gateway.this",
            "module.networking.module.vpc.aws_db_subnet_group.database",
            "module.networking.module.vpc.aws_default_network_acl.this",
            "module.networking.module.vpc.aws_default_security_group.this",
            "module.networking.module.vpc.aws_default_vpc.this",
            "module.networking.module.vpc.aws_egress_only_internet_gateway.this",
            "module.networking.module.vpc.aws_eip.nat",
            "module.networking.module.vpc.aws_elasticache_subnet_group.elasticache",
            "module.networking.module.vpc.aws_flow_log.this",
            "module.networking.module.vpc.aws_iam_policy.vpc_flow_log_cloudwatch",
            "module.networking.module.vpc.aws_iam_role.vpc_flow_log_cloudwatch",
            "module.networking.module.vpc.aws_iam_role_policy_attachment.vpc_flow_log_cloudwatch",
            "module.networking.module.vpc.aws_internet_gateway.this",
            "module.networking.module.vpc.aws_nat_gateway.this",
            "module.networking.module.vpc.aws_network_acl.database",
            "module.networking.module.vpc.aws_network_acl.elasticache",
            "module.networking.module.vpc.aws_network_acl.intra",
            "module.networking.module.vpc.aws_network_acl.private",
            "module.networking.module.vpc.aws_network_acl.public",
            "module.networking.module.vpc.aws_network_acl.redshift",
            "module.networking.module.vpc.aws_network_acl_rule.database_inbound",
            "module.networking.module.vpc.aws_network_acl_rule.database_outbound",
            "module.networking.module.vpc.aws_network_acl_rule.elasticache_inbound",
            "module.networking.module.vpc.aws_network_acl_rule.elasticache_outbound",
            "module.networking.module.vpc.aws_network_acl_rule.intra_inbound",
            "module.networking.module.vpc.aws_network_acl_rule.intra_outbound",
            "module.networking.module.vpc.aws_network_acl_rule.private_inbound",
            "module.networking.module.vpc.aws_network_acl_rule.private_outbound",
            "module.networking.module.vpc.aws_network_acl_rule.public_inbound",
            "module.networking.module.vpc.aws_network_acl_rule.public_outbound",
            "module.networking.module.vpc.aws_network_acl_rule.redshift_inbound",
            "module.networking.module.vpc.aws_network_acl_rule.redshift_outbound",
            "module.networking.module.vpc.aws_redshift_subnet_group.redshift",
            "module.networking.module.vpc.aws_route.database_internet_gateway",
            "module.networking.module.vpc.aws_route.database_ipv6_egress",
            "module.networking.module.vpc.aws_route.database_nat_gateway",
            "module.networking.module.vpc.aws_route.private_ipv6_egress",
            "module.networking.module.vpc.aws_route.private_nat_gateway",
            "module.networking.module.vpc.aws_route.public_internet_gateway",
            "module.networking.module.vpc.aws_route.public_internet_gateway_ipv6",
            "module.networking.module.vpc.aws_route_table.database",
            "module.networking.module.vpc.aws_route_table.elasticache",
            "module.networking.module.vpc.aws_route_table.intra",
            "module.networking.module.vpc.aws_route_table.private",
            "module.networking.module.vpc.aws_route_table.public",
            "module.networking.module.vpc.aws_route_table.redshift",
            "module.networking.module.vpc.aws_route_table_association.database",
            "module.networking.module.vpc.aws_route_table_association.elasticache",
            "module.networking.module.vpc.aws_route_table_association.intra",
            "module.networking.module.vpc.aws_route_table_association.private",
            "module.networking.module.vpc.aws_route_table_association.public",
            "module.networking.module.vpc.aws_route_table_association.redshift",
            "module.networking.module.vpc.aws_route_table_association.redshift_public",
            "module.networking.module.vpc.aws_subnet.database",
            "module.networking.module.vpc.aws_subnet.elasticache",
            "module.networking.module.vpc.aws_subnet.intra",
            "module.networking.module.vpc.aws_subnet.private",
            "module.networking.module.vpc.aws_subnet.public",
            "module.networking.module.vpc.aws_subnet.redshift",
            "module.networking.module.vpc.aws_vpc.this",
            "module.networking.module.vpc.aws_vpc_dhcp_options.this",
            "module.networking.module.vpc.aws_vpc_dhcp_options_association.this",
            "module.networking.module.vpc.aws_vpc_endpoint.access_analyzer",
            "module.networking.module.vpc.aws_vpc_endpoint.acm_pca",
            "module.networking.module.vpc.aws_vpc_endpoint.apigw",
            "module.networking.module.vpc.aws_vpc_endpoint.appmesh_envoy_management",
            "module.networking.module.vpc.aws_vpc_endpoint.appstream_api",
            "module.networking.module.vpc.aws_vpc_endpoint.appstream_streaming",
            "module.networking.module.vpc.aws_vpc_endpoint.athena",
            "module.networking.module.vpc.aws_vpc_endpoint.auto_scaling_plans",
            "module.networking.module.vpc.aws_vpc_endpoint.cloud_directory",
            "module.networking.module.vpc.aws_vpc_endpoint.cloudformation",
            "module.networking.module.vpc.aws_vpc_endpoint.cloudtrail",
            "module.networking.module.vpc.aws_vpc_endpoint.codeartifact_api",
            "module.networking.module.vpc.aws_vpc_endpoint.codeartifact_repositories",
            "module.networking.module.vpc.aws_vpc_endpoint.codebuild",
            "module.networking.module.vpc.aws_vpc_endpoint.codecommit",
            "module.networking.module.vpc.aws_vpc_endpoint.codedeploy",
            "module.networking.module.vpc.aws_vpc_endpoint.codedeploy_commands_secure",
            "module.networking.module.vpc.aws_vpc_endpoint.codepipeline",
            "module.networking.module.vpc.aws_vpc_endpoint.config",
            "module.networking.module.vpc.aws_vpc_endpoint.datasync",
            "module.networking.module.vpc.aws_vpc_endpoint.dynamodb",
            "module.networking.module.vpc.aws_vpc_endpoint.ebs",
            "module.networking.module.vpc.aws_vpc_endpoint.ec2",
            "module.networking.module.vpc.aws_vpc_endpoint.ec2_autoscaling",
            "module.networking.module.vpc.aws_vpc_endpoint.ec2messages",
            "module.networking.module.vpc.aws_vpc_endpoint.ecr_api",
            "module.networking.module.vpc.aws_vpc_endpoint.ecr_dkr",
            "module.networking.module.vpc.aws_vpc_endpoint.ecs",
            "module.networking.module.vpc.aws_vpc_endpoint.ecs_agent",
            "module.networking.module.vpc.aws_vpc_endpoint.ecs_telemetry",
            "module.networking.module.vpc.aws_vpc_endpoint.efs",
            "module.networking.module.vpc.aws_vpc_endpoint.elastic_inference_runtime",
            "module.networking.module.vpc.aws_vpc_endpoint.elasticbeanstalk",
            "module.networking.module.vpc.aws_vpc_endpoint.elasticbeanstalk_health",
            "module.networking.module.vpc.aws_vpc_endpoint.elasticloadbalancing",
            "module.networking.module.vpc.aws_vpc_endpoint.emr",
            "module.networking.module.vpc.aws_vpc_endpoint.events",
            "module.networking.module.vpc.aws_vpc_endpoint.git_codecommit",
            "module.networking.module.vpc.aws_vpc_endpoint.glue",
            "module.networking.module.vpc.aws_vpc_endpoint.kinesis_firehose",
            "module.networking.module.vpc.aws_vpc_endpoint.kinesis_streams",
            "module.networking.module.vpc.aws_vpc_endpoint.kms",
            "module.networking.module.vpc.aws_vpc_endpoint.lambda",
            "module.networking.module.vpc.aws_vpc_endpoint.logs",
            "module.networking.module.vpc.aws_vpc_endpoint.monitoring",
            "module.networking.module.vpc.aws_vpc_endpoint.qldb_session",
            "module.networking.module.vpc.aws_vpc_endpoint.rds",
            "module.networking.module.vpc.aws_vpc_endpoint.rekognition",
            "module.networking.module.vpc.aws_vpc_endpoint.s3",
            "module.networking.module.vpc.aws_vpc_endpoint.sagemaker_api",
            "module.networking.module.vpc.aws_vpc_endpoint.sagemaker_notebook",
            "module.networking.module.vpc.aws_vpc_endpoint.sagemaker_runtime",
            "module.networking.module.vpc.aws_vpc_endpoint.secretsmanager",
            "module.networking.module.vpc.aws_vpc_endpoint.servicecatalog",
            "module.networking.module.vpc.aws_vpc_endpoint.ses",
            "module.networking.module.vpc.aws_vpc_endpoint.sms",
            "module.networking.module.vpc.aws_vpc_endpoint.sns",
            "module.networking.module.vpc.aws_vpc_endpoint.sqs",
            "module.networking.module.vpc.aws_vpc_endpoint.ssm",
            "module.networking.module.vpc.aws_vpc_endpoint.ssmmessages",
            "module.networking.module.vpc.aws_vpc_endpoint.states",
            "module.networking.module.vpc.aws_vpc_endpoint.storagegateway",
            "module.networking.module.vpc.aws_vpc_endpoint.sts",
            "module.networking.module.vpc.aws_vpc_endpoint.textract",
            "module.networking.module.vpc.aws_vpc_endpoint.transfer",
            "module.networking.module.vpc.aws_vpc_endpoint.transferserver",
            "module.networking.module.vpc.aws_vpc_endpoint.workspaces",
            "module.networking.module.vpc.aws_vpc_endpoint_route_table_association.intra_dynamodb",
            "module.networking.module.vpc.aws_vpc_endpoint_route_table_association.intra_s3",
            "module.networking.module.vpc.aws_vpc_endpoint_route_table_association.private_dynamodb",
            "module.networking.module.vpc.aws_vpc_endpoint_route_table_association.private_s3",
            "module.networking.module.vpc.aws_vpc_endpoint_route_table_association.public_dynamodb",
            "module.networking.module.vpc.aws_vpc_endpoint_route_table_association.public_s3",
            "module.networking.module.vpc.aws_vpc_ipv4_cidr_block_association.this",
            "module.networking.module.vpc.aws_vpn_gateway.this",
            "module.networking.module.vpc.aws_vpn_gateway_attachment.this",
            "module.networking.module.vpc.aws_vpn_gateway_route_propagation.intra",
            "module.networking.module.vpc.aws_vpn_gateway_route_propagation.private",
            "module.networking.module.vpc.aws_vpn_gateway_route_propagation.public",
            "module.networking.module.vpc.data.aws_iam_policy_document.flow_log_cloudwatch_assume_role",
            "module.networking.module.vpc.data.aws_iam_policy_document.vpc_flow_log_cloudwatch",
            "module.networking.module.vpc.data.aws_vpc_endpoint_service.access_analyzer",
            "module.networking.module.vpc.data.aws_vpc_endpoint_service.acm_pca",
            "module.networking.module.vpc.data.aws_vpc_endpoint_service.apigw",
            "module.networking.module.vpc.data.aws_vpc_endpoint_service.appmesh_envoy_management",
            "module.networking.module.vpc.data.aws_vpc_endpoint_service.appstream_api",
            "module.networking.module.vpc.data.aws_vpc_endpoint_service.appstream_streaming",
            "module.networking.module.vpc.data.aws_vpc_endpoint_service.athena",
            "module.networking.module.vpc.data.aws_vpc_endpoint_service.auto_scaling_plans",
            "module.networking.module.vpc.data.aws_vpc_endpoint_service.cloud_directory",
            "module.networking.module.vpc.data.aws_vpc_endpoint_service.cloudformation",
            "module.networking.module.vpc.data.aws_vpc_endpoint_service.cloudtrail",
            "module.networking.module.vpc.data.aws_vpc_endpoint_service.codeartifact_api",
            "module.networking.module.vpc.data.aws_vpc_endpoint_service.codeartifact_repositories",
            "module.networking.module.vpc.data.aws_vpc_endpoint_service.codebuild",
            "module.networking.module.vpc.data.aws_vpc_endpoint_service.codecommit",
            "module.networking.module.vpc.data.aws_vpc_endpoint_service.codedeploy",
            "module.networking.module.vpc.data.aws_vpc_endpoint_service.codedeploy_commands_secure",
            "module.networking.module.vpc.data.aws_vpc_endpoint_service.codepipeline",
            "module.networking.module.vpc.data.aws_vpc_endpoint_service.config",
            "module.networking.module.vpc.data.aws_vpc_endpoint_service.datasync",
            "module.networking.module.vpc.data.aws_vpc_endpoint_service.dynamodb",
            "module.networking.module.vpc.data.aws_vpc_endpoint_service.ebs",
            "module.networking.module.vpc.data.aws_vpc_endpoint_service.ec2",
            "module.networking.module.vpc.data.aws_vpc_endpoint_service.ec2_autoscaling",
            "module.networking.module.vpc.data.aws_vpc_endpoint_service.ec2messages",
            "module.networking.module.vpc.data.aws_vpc_endpoint_service.ecr_api",
            "module.networking.module.vpc.data.aws_vpc_endpoint_service.ecr_dkr",
            "module.networking.module.vpc.data.aws_vpc_endpoint_service.ecs",
            "module.networking.module.vpc.data.aws_vpc_endpoint_service.ecs_agent",
            "module.networking.module.vpc.data.aws_vpc_endpoint_service.ecs_telemetry",
            "module.networking.module.vpc.data.aws_vpc_endpoint_service.efs",
            "module.networking.module.vpc.data.aws_vpc_endpoint_service.elastic_inference_runtime",
            "module.networking.module.vpc.data.aws_vpc_endpoint_service.elasticbeanstalk",
            "module.networking.module.vpc.data.aws_vpc_endpoint_service.elasticbeanstalk_health",
            "module.networking.module.vpc.data.aws_vpc_endpoint_service.elasticloadbalancing",
            "module.networking.module.vpc.data.aws_vpc_endpoint_service.emr",
            "module.networking.module.vpc.data.aws_vpc_endpoint_service.events",
            "module.networking.module.vpc.data.aws_vpc_endpoint_service.git_codecommit",
            "module.networking.module.vpc.data.aws_vpc_endpoint_service.glue",
            "module.networking.module.vpc.data.aws_vpc_endpoint_service.kinesis_firehose",
            "module.networking.module.vpc.data.aws_vpc_endpoint_service.kinesis_streams",
            "module.networking.module.vpc.data.aws_vpc_endpoint_service.kms",
            "module.networking.module.vpc.data.aws_vpc_endpoint_service.lambda",
            "module.networking.module.vpc.data.aws_vpc_endpoint_service.logs",
            "module.networking.module.vpc.data.aws_vpc_endpoint_service.monitoring",
            "module.networking.module.vpc.data.aws_vpc_endpoint_service.qldb_session",
            "module.networking.module.vpc.data.aws_vpc_endpoint_service.rds",
            "module.networking.module.vpc.data.aws_vpc_endpoint_service.rekognition",
            "module.networking.module.vpc.data.aws_vpc_endpoint_service.s3",
            "module.networking.module.vpc.data.aws_vpc_endpoint_service.sagemaker_api",
            "module.networking.module.vpc.data.aws_vpc_endpoint_service.sagemaker_notebook",
            "module.networking.module.vpc.data.aws_vpc_endpoint_service.sagemaker_runtime",
            "module.networking.module.vpc.data.aws_vpc_endpoint_service.secretsmanager",
            "module.networking.module.vpc.data.aws_vpc_endpoint_service.servicecatalog",
            "module.networking.module.vpc.data.aws_vpc_endpoint_service.ses",
            "module.networking.module.vpc.data.aws_vpc_endpoint_service.sms",
            "module.networking.module.vpc.data.aws_vpc_endpoint_service.sns",
            "module.networking.module.vpc.data.aws_vpc_endpoint_service.sqs",
            "module.networking.module.vpc.data.aws_vpc_endpoint_service.ssm",
            "module.networking.module.vpc.data.aws_vpc_endpoint_service.ssmmessages",
            "module.networking.module.vpc.data.aws_vpc_endpoint_service.states",
            "module.networking.module.vpc.data.aws_vpc_endpoint_service.storagegateway",
            "module.networking.module.vpc.data.aws_vpc_endpoint_service.sts",
            "module.networking.module.vpc.data.aws_vpc_endpoint_service.textract",
            "module.networking.module.vpc.data.aws_vpc_endpoint_service.transfer",
            "module.networking.module.vpc.data.aws_vpc_endpoint_service.transferserver",
            "module.networking.module.vpc.data.aws_vpc_endpoint_service.workspaces",
            "module.networking.module.websvr_sg.aws_security_group.security_group"
          ],
          "create_before_destroy": true
        }
      ]
    },
    {
      "module": "module.autoscaling.module.alb",
      "mode": "managed",
      "type": "aws_lb_listener",
      "name": "frontend_http_tcp",
      "provider": "provider[\"registry.terraform.io/hashicorp/aws\"]",
      "instances": [
        {
          "index_key": 0,
          "schema_version": 0,
          "attributes": {
            "alpn_policy": null,
            "arn": "arn:aws:elasticloadbalancing:us-west-2:612623079854:listener/app/my-3-tier-architecture/6bf8d0e5bf7259d7/7f435a4ab963d4e0",
            "certificate_arn": null,
            "default_action": [
              {
                "authenticate_cognito": [],
                "authenticate_oidc": [],
                "fixed_response": [],
                "forward": [],
                "order": 1,
                "redirect": [],
                "target_group_arn": "arn:aws:elasticloadbalancing:us-west-2:612623079854:targetgroup/websvr20260506035704408500000007/8b463c4d86fae10c",
                "type": "forward"
              }
            ],
            "id": "arn:aws:elasticloadbalancing:us-west-2:612623079854:listener/app/my-3-tier-architecture/6bf8d0e5bf7259d7/7f435a4ab963d4e0",
            "load_balancer_arn": "arn:aws:elasticloadbalancing:us-west-2:612623079854:loadbalancer/app/my-3-tier-architecture/6bf8d0e5bf7259d7",
            "port": 80,
            "protocol": "HTTP",
            "ssl_policy": "",
            "tags": {},
            "tags_all": {},
            "timeouts": null
          },
          "sensitive_attributes": [],
          "identity_schema_version": 0,
          "private": "eyJlMmJmYjczMC1lY2FhLTExZTYtOGY4OC0zNDM2M2JjN2M0YzAiOnsicmVhZCI6NjAwMDAwMDAwMDAwfX0=",
          "dependencies": [
            "module.autoscaling.module.alb.aws_lb.this",
            "module.autoscaling.module.alb.aws_lb_target_group.main",
            "module.networking.data.aws_availability_zones.available",
            "module.networking.module.db_sg.aws_security_group.security_group",
            "module.networking.module.lb_sg.aws_security_group.security_group",
            "module.networking.module.vpc.aws_cloudwatch_log_group.flow_log",
            "module.networking.module.vpc.aws_customer_gateway.this",
            "module.networking.module.vpc.aws_db_subnet_group.database",
            "module.networking.module.vpc.aws_default_network_acl.this",
            "module.networking.module.vpc.aws_default_security_group.this",
            "module.networking.module.vpc.aws_default_vpc.this",
            "module.networking.module.vpc.aws_egress_only_internet_gateway.this",
            "module.networking.module.vpc.aws_eip.nat",
            "module.networking.module.vpc.aws_elasticache_subnet_group.elasticache",
            "module.networking.module.vpc.aws_flow_log.this",
            "module.networking.module.vpc.aws_iam_policy.vpc_flow_log_cloudwatch",
            "module.networking.module.vpc.aws_iam_role.vpc_flow_log_cloudwatch",
            "module.networking.module.vpc.aws_iam_role_policy_attachment.vpc_flow_log_cloudwatch",
            "module.networking.module.vpc.aws_internet_gateway.this",
            "module.networking.module.vpc.aws_nat_gateway.this",
            "module.networking.module.vpc.aws_network_acl.database",
            "module.networking.module.vpc.aws_network_acl.elasticache",
            "module.networking.module.vpc.aws_network_acl.intra",
            "module.networking.module.vpc.aws_network_acl.private",
            "module.networking.module.vpc.aws_network_acl.public",
            "module.networking.module.vpc.aws_network_acl.redshift",
            "module.networking.module.vpc.aws_network_acl_rule.database_inbound",
            "module.networking.module.vpc.aws_network_acl_rule.database_outbound",
            "module.networking.module.vpc.aws_network_acl_rule.elasticache_inbound",
            "module.networking.module.vpc.aws_network_acl_rule.elasticache_outbound",
            "module.networking.module.vpc.aws_network_acl_rule.intra_inbound",
            "module.networking.module.vpc.aws_network_acl_rule.intra_outbound",
            "module.networking.module.vpc.aws_network_acl_rule.private_inbound",
            "module.networking.module.vpc.aws_network_acl_rule.private_outbound",
            "module.networking.module.vpc.aws_network_acl_rule.public_inbound",
            "module.networking.module.vpc.aws_network_acl_rule.public_outbound",
            "module.networking.module.vpc.aws_network_acl_rule.redshift_inbound",
            "module.networking.module.vpc.aws_network_acl_rule.redshift_outbound",
            "module.networking.module.vpc.aws_redshift_subnet_group.redshift",
            "module.networking.module.vpc.aws_route.database_internet_gateway",
            "module.networking.module.vpc.aws_route.database_ipv6_egress",
            "module.networking.module.vpc.aws_route.database_nat_gateway",
            "module.networking.module.vpc.aws_route.private_ipv6_egress",
            "module.networking.module.vpc.aws_route.private_nat_gateway",
            "module.networking.module.vpc.aws_route.public_internet_gateway",
            "module.networking.module.vpc.aws_route.public_internet_gateway_ipv6",
            "module.networking.module.vpc.aws_route_table.database",
            "module.networking.module.vpc.aws_route_table.elasticache",
            "module.networking.module.vpc.aws_route_table.intra",
            "module.networking.module.vpc.aws_route_table.private",
            "module.networking.module.vpc.aws_route_table.public",
            "module.networking.module.vpc.aws_route_table.redshift",
            "module.networking.module.vpc.aws_route_table_association.database",
            "module.networking.module.vpc.aws_route_table_association.elasticache",
            "module.networking.module.vpc.aws_route_table_association.intra",
            "module.networking.module.vpc.aws_route_table_association.private",
            "module.networking.module.vpc.aws_route_table_association.public",
            "module.networking.module.vpc.aws_route_table_association.redshift",
            "module.networking.module.vpc.aws_route_table_association.redshift_public",
            "module.networking.module.vpc.aws_subnet.database",
            "module.networking.module.vpc.aws_subnet.elasticache",
            "module.networking.module.vpc.aws_subnet.intra",
            "module.networking.module.vpc.aws_subnet.private",
            "module.networking.module.vpc.aws_subnet.public",
            "module.networking.module.vpc.aws_subnet.redshift",
            "module.networking.module.vpc.aws_vpc.this",
            "module.networking.module.vpc.aws_vpc_dhcp_options.this",
            "module.networking.module.vpc.aws_vpc_dhcp_options_association.this",
            "module.networking.module.vpc.aws_vpc_endpoint.access_analyzer",
            "module.networking.module.vpc.aws_vpc_endpoint.acm_pca",
            "module.networking.module.vpc.aws_vpc_endpoint.apigw",
            "module.networking.module.vpc.aws_vpc_endpoint.appmesh_envoy_management",
            "module.networking.module.vpc.aws_vpc_endpoint.appstream_api",
            "module.networking.module.vpc.aws_vpc_endpoint.appstream_streaming",
            "module.networking.module.vpc.aws_vpc_endpoint.athena",
            "module.networking.module.vpc.aws_vpc_endpoint.auto_scaling_plans",
            "module.networking.module.vpc.aws_vpc_endpoint.cloud_directory",
            "module.networking.module.vpc.aws_vpc_endpoint.cloudformation",
            "module.networking.module.vpc.aws_vpc_endpoint.cloudtrail",
            "module.networking.module.vpc.aws_vpc_endpoint.codeartifact_api",
            "module.networking.module.vpc.aws_vpc_endpoint.codeartifact_repositories",
            "module.networking.module.vpc.aws_vpc_endpoint.codebuild",
            "module.networking.module.vpc.aws_vpc_endpoint.codecommit",
            "module.networking.module.vpc.aws_vpc_endpoint.codedeploy",
            "module.networking.module.vpc.aws_vpc_endpoint.codedeploy_commands_secure",
            "module.networking.module.vpc.aws_vpc_endpoint.codepipeline",
            "module.networking.module.vpc.aws_vpc_endpoint.config",
            "module.networking.module.vpc.aws_vpc_endpoint.datasync",
            "module.networking.module.vpc.aws_vpc_endpoint.dynamodb",
            "module.networking.module.vpc.aws_vpc_endpoint.ebs",
            "module.networking.module.vpc.aws_vpc_endpoint.ec2",
            "module.networking.module.vpc.aws_vpc_endpoint.ec2_autoscaling",
            "module.networking.module.vpc.aws_vpc_endpoint.ec2messages",
            "module.networking.module.vpc.aws_vpc_endpoint.ecr_api",
            "module.networking.module.vpc.aws_vpc_endpoint.ecr_dkr",
            "module.networking.module.vpc.aws_vpc_endpoint.ecs",
            "module.networking.module.vpc.aws_vpc_endpoint.ecs_agent",
            "module.networking.module.vpc.aws_vpc_endpoint.ecs_telemetry",
            "module.networking.module.vpc.aws_vpc_endpoint.efs",
            "module.networking.module.vpc.aws_vpc_endpoint.elastic_inference_runtime",
            "module.networking.module.vpc.aws_vpc_endpoint.elasticbeanstalk",
            "module.networking.module.vpc.aws_vpc_endpoint.elasticbeanstalk_health",
            "module.networking.module.vpc.aws_vpc_endpoint.elasticloadbalancing",
            "module.networking.module.vpc.aws_vpc_endpoint.emr",
            "module.networking.module.vpc.aws_vpc_endpoint.events",
            "module.networking.module.vpc.aws_vpc_endpoint.git_codecommit",
            "module.networking.module.vpc.aws_vpc_endpoint.glue",
            "module.networking.module.vpc.aws_vpc_endpoint.kinesis_firehose",
            "module.networking.module.vpc.aws_vpc_endpoint.kinesis_streams",
            "module.networking.module.vpc.aws_vpc_endpoint.kms",
            "module.networking.module.vpc.aws_vpc_endpoint.lambda",
            "module.networking.module.vpc.aws_vpc_endpoint.logs",
            "module.networking.module.vpc.aws_vpc_endpoint.monitoring",
            "module.networking.module.vpc.aws_vpc_endpoint.qldb_session",
            "module.networking.module.vpc.aws_vpc_endpoint.rds",
            "module.networking.module.vpc.aws_vpc_endpoint.rekognition",
            "module.networking.module.vpc.aws_vpc_endpoint.s3",
            "module.networking.module.vpc.aws_vpc_endpoint.sagemaker_api",
            "module.networking.module.vpc.aws_vpc_endpoint.sagemaker_notebook",
            "module.networking.module.vpc.aws_vpc_endpoint.sagemaker_runtime",
            "module.networking.module.vpc.aws_vpc_endpoint.secretsmanager",
            "module.networking.module.vpc.aws_vpc_endpoint.servicecatalog",
            "module.networking.module.vpc.aws_vpc_endpoint.ses",
            "module.networking.module.vpc.aws_vpc_endpoint.sms",
            "module.networking.module.vpc.aws_vpc_endpoint.sns",
            "module.networking.module.vpc.aws_vpc_endpoint.sqs",
            "module.networking.module.vpc.aws_vpc_endpoint.ssm",
            "module.networking.module.vpc.aws_vpc_endpoint.ssmmessages",
            "module.networking.module.vpc.aws_vpc_endpoint.states",
            "module.networking.module.vpc.aws_vpc_endpoint.storagegateway",
            "module.networking.module.vpc.aws_vpc_endpoint.sts",
            "module.networking.module.vpc.aws_vpc_endpoint.textract",
            "module.networking.module.vpc.aws_vpc_endpoint.transfer",
            "module.networking.module.vpc.aws_vpc_endpoint.transferserver",
            "module.networking.module.vpc.aws_vpc_endpoint.workspaces",
            "module.networking.module.vpc.aws_vpc_endpoint_route_table_association.intra_dynamodb",
            "module.networking.module.vpc.aws_vpc_endpoint_route_table_association.intra_s3",
            "module.networking.module.vpc.aws_vpc_endpoint_route_table_association.private_dynamodb",
            "module.networking.module.vpc.aws_vpc_endpoint_route_table_association.private_s3",
            "module.networking.module.vpc.aws_vpc_endpoint_route_table_association.public_dynamodb",
            "module.networking.module.vpc.aws_vpc_endpoint_route_table_association.public_s3",
            "module.networking.module.vpc.aws_vpc_ipv4_cidr_block_association.this",
            "module.networking.module.vpc.aws_vpn_gateway.this",
            "module.networking.module.vpc.aws_vpn_gateway_attachment.this",
            "module.networking.module.vpc.aws_vpn_gateway_route_propagation.intra",
            "module.networking.module.vpc.aws_vpn_gateway_route_propagation.private",
            "module.networking.module.vpc.aws_vpn_gateway_route_propagation.public",
            "module.networking.module.vpc.data.aws_iam_policy_document.flow_log_cloudwatch_assume_role",
            "module.networking.module.vpc.data.aws_iam_policy_document.vpc_flow_log_cloudwatch",
            "module.networking.module.vpc.data.aws_vpc_endpoint_service.access_analyzer",
            "module.networking.module.vpc.data.aws_vpc_endpoint_service.acm_pca",
            "module.networking.module.vpc.data.aws_vpc_endpoint_service.apigw",
            "module.networking.module.vpc.data.aws_vpc_endpoint_service.appmesh_envoy_management",
            "module.networking.module.vpc.data.aws_vpc_endpoint_service.appstream_api",
            "module.networking.module.vpc.data.aws_vpc_endpoint_service.appstream_streaming",
            "module.networking.module.vpc.data.aws_vpc_endpoint_service.athena",
            "module.networking.module.vpc.data.aws_vpc_endpoint_service.auto_scaling_plans",
            "module.networking.module.vpc.data.aws_vpc_endpoint_service.cloud_directory",
            "module.networking.module.vpc.data.aws_vpc_endpoint_service.cloudformation",
            "module.networking.module.vpc.data.aws_vpc_endpoint_service.cloudtrail",
            "module.networking.module.vpc.data.aws_vpc_endpoint_service.codeartifact_api",
            "module.networking.module.vpc.data.aws_vpc_endpoint_service.codeartifact_repositories",
            "module.networking.module.vpc.data.aws_vpc_endpoint_service.codebuild",
            "module.networking.module.vpc.data.aws_vpc_endpoint_service.codecommit",
            "module.networking.module.vpc.data.aws_vpc_endpoint_service.codedeploy",
            "module.networking.module.vpc.data.aws_vpc_endpoint_service.codedeploy_commands_secure",
            "module.networking.module.vpc.data.aws_vpc_endpoint_service.codepipeline",
            "module.networking.module.vpc.data.aws_vpc_endpoint_service.config",
            "module.networking.module.vpc.data.aws_vpc_endpoint_service.datasync",
            "module.networking.module.vpc.data.aws_vpc_endpoint_service.dynamodb",
            "module.networking.module.vpc.data.aws_vpc_endpoint_service.ebs",
            "module.networking.module.vpc.data.aws_vpc_endpoint_service.ec2",
            "module.networking.module.vpc.data.aws_vpc_endpoint_service.ec2_autoscaling",
            "module.networking.module.vpc.data.aws_vpc_endpoint_service.ec2messages",
            "module.networking.module.vpc.data.aws_vpc_endpoint_service.ecr_api",
            "module.networking.module.vpc.data.aws_vpc_endpoint_service.ecr_dkr",
            "module.networking.module.vpc.data.aws_vpc_endpoint_service.ecs",
            "module.networking.module.vpc.data.aws_vpc_endpoint_service.ecs_agent",
            "module.networking.module.vpc.data.aws_vpc_endpoint_service.ecs_telemetry",
            "module.networking.module.vpc.data.aws_vpc_endpoint_service.efs",
            "module.networking.module.vpc.data.aws_vpc_endpoint_service.elastic_inference_runtime",
            "module.networking.module.vpc.data.aws_vpc_endpoint_service.elasticbeanstalk",
            "module.networking.module.vpc.data.aws_vpc_endpoint_service.elasticbeanstalk_health",
            "module.networking.module.vpc.data.aws_vpc_endpoint_service.elasticloadbalancing",
            "module.networking.module.vpc.data.aws_vpc_endpoint_service.emr",
            "module.networking.module.vpc.data.aws_vpc_endpoint_service.events",
            "module.networking.module.vpc.data.aws_vpc_endpoint_service.git_codecommit",
            "module.networking.module.vpc.data.aws_vpc_endpoint_service.glue",
            "module.networking.module.vpc.data.aws_vpc_endpoint_service.kinesis_firehose",
            "module.networking.module.vpc.data.aws_vpc_endpoint_service.kinesis_streams",
            "module.networking.module.vpc.data.aws_vpc_endpoint_service.kms",
            "module.networking.module.vpc.data.aws_vpc_endpoint_service.lambda",
            "module.networking.module.vpc.data.aws_vpc_endpoint_service.logs",
            "module.networking.module.vpc.data.aws_vpc_endpoint_service.monitoring",
            "module.networking.module.vpc.data.aws_vpc_endpoint_service.qldb_session",
            "module.networking.module.vpc.data.aws_vpc_endpoint_service.rds",
            "module.networking.module.vpc.data.aws_vpc_endpoint_service.rekognition",
            "module.networking.module.vpc.data.aws_vpc_endpoint_service.s3",
            "module.networking.module.vpc.data.aws_vpc_endpoint_service.sagemaker_api",
            "module.networking.module.vpc.data.aws_vpc_endpoint_service.sagemaker_notebook",
            "module.networking.module.vpc.data.aws_vpc_endpoint_service.sagemaker_runtime",
            "module.networking.module.vpc.data.aws_vpc_endpoint_service.secretsmanager",
            "module.networking.module.vpc.data.aws_vpc_endpoint_service.servicecatalog",
            "module.networking.module.vpc.data.aws_vpc_endpoint_service.ses",
            "module.networking.module.vpc.data.aws_vpc_endpoint_service.sms",
            "module.networking.module.vpc.data.aws_vpc_endpoint_service.sns",
            "module.networking.module.vpc.data.aws_vpc_endpoint_service.sqs",
            "module.networking.module.vpc.data.aws_vpc_endpoint_service.ssm",
            "module.networking.module.vpc.data.aws_vpc_endpoint_service.ssmmessages",
            "module.networking.module.vpc.data.aws_vpc_endpoint_service.states",
            "module.networking.module.vpc.data.aws_vpc_endpoint_service.storagegateway",
            "module.networking.module.vpc.data.aws_vpc_endpoint_service.sts",
            "module.networking.module.vpc.data.aws_vpc_endpoint_service.textract",
            "module.networking.module.vpc.data.aws_vpc_endpoint_service.transfer",
            "module.networking.module.vpc.data.aws_vpc_endpoint_service.transferserver",
            "module.networking.module.vpc.data.aws_vpc_endpoint_service.workspaces",
            "module.networking.module.websvr_sg.aws_security_group.security_group"
          ]
        }
      ]
    },
    {
      "module": "module.autoscaling.module.alb",
      "mode": "managed",
      "type": "aws_lb_target_group",
      "name": "main",
      "provider": "provider[\"registry.terraform.io/hashicorp/aws\"]",
      "instances": [
        {
          "index_key": 0,
          "schema_version": 0,
          "attributes": {
            "arn": "arn:aws:elasticloadbalancing:us-west-2:612623079854:targetgroup/websvr20260506035704408500000007/8b463c4d86fae10c",
            "arn_suffix": "targetgroup/websvr20260506035704408500000007/8b463c4d86fae10c",
            "deregistration_delay": "300",
            "health_check": [
              {
                "enabled": true,
                "healthy_threshold": 5,
                "interval": 30,
                "matcher": "200",
                "path": "/",
                "port": "traffic-port",
                "protocol": "HTTP",
                "timeout": 5,
                "unhealthy_threshold": 2
              }
            ],
            "id": "arn:aws:elasticloadbalancing:us-west-2:612623079854:targetgroup/websvr20260506035704408500000007/8b463c4d86fae10c",
            "lambda_multi_value_headers_enabled": false,
            "load_balancing_algorithm_type": "round_robin",
            "name": "websvr20260506035704408500000007",
            "name_prefix": "websvr",
            "port": 8080,
            "preserve_client_ip": null,
            "protocol": "HTTP",
            "protocol_version": "HTTP1",
            "proxy_protocol_v2": false,
            "slow_start": 0,
            "stickiness": [
              {
                "cookie_duration": 86400,
                "cookie_name": "",
                "enabled": false,
                "type": "lb_cookie"
              }
            ],
            "tags": {
              "Name": "websvr"
            },
            "tags_all": {
              "Name": "websvr"
            },
            "target_type": "instance",
            "vpc_id": "vpc-066c7bc9d44343408"
          },
          "sensitive_attributes": [],
          "identity_schema_version": 0,
          "private": "bnVsbA==",
          "dependencies": [
            "module.autoscaling.module.alb.aws_lb.this",
            "module.networking.data.aws_availability_zones.available",
            "module.networking.module.db_sg.aws_security_group.security_group",
            "module.networking.module.lb_sg.aws_security_group.security_group",
            "module.networking.module.vpc.aws_cloudwatch_log_group.flow_log",
            "module.networking.module.vpc.aws_customer_gateway.this",
            "module.networking.module.vpc.aws_db_subnet_group.database",
            "module.networking.module.vpc.aws_default_network_acl.this",
            "module.networking.module.vpc.aws_default_security_group.this",
            "module.networking.module.vpc.aws_default_vpc.this",
            "module.networking.module.vpc.aws_egress_only_internet_gateway.this",
            "module.networking.module.vpc.aws_eip.nat",
            "module.networking.module.vpc.aws_elasticache_subnet_group.elasticache",
            "module.networking.module.vpc.aws_flow_log.this",
            "module.networking.module.vpc.aws_iam_policy.vpc_flow_log_cloudwatch",
            "module.networking.module.vpc.aws_iam_role.vpc_flow_log_cloudwatch",
            "module.networking.module.vpc.aws_iam_role_policy_attachment.vpc_flow_log_cloudwatch",
            "module.networking.module.vpc.aws_internet_gateway.this",
            "module.networking.module.vpc.aws_nat_gateway.this",
            "module.networking.module.vpc.aws_network_acl.database",
            "module.networking.module.vpc.aws_network_acl.elasticache",
            "module.networking.module.vpc.aws_network_acl.intra",
            "module.networking.module.vpc.aws_network_acl.private",
            "module.networking.module.vpc.aws_network_acl.public",
            "module.networking.module.vpc.aws_network_acl.redshift",
            "module.networking.module.vpc.aws_network_acl_rule.database_inbound",
            "module.networking.module.vpc.aws_network_acl_rule.database_outbound",
            "module.networking.module.vpc.aws_network_acl_rule.elasticache_inbound",
            "module.networking.module.vpc.aws_network_acl_rule.elasticache_outbound",
            "module.networking.module.vpc.aws_network_acl_rule.intra_inbound",
            "module.networking.module.vpc.aws_network_acl_rule.intra_outbound",
            "module.networking.module.vpc.aws_network_acl_rule.private_inbound",
            "module.networking.module.vpc.aws_network_acl_rule.private_outbound",
            "module.networking.module.vpc.aws_network_acl_rule.public_inbound",
            "module.networking.module.vpc.aws_network_acl_rule.public_outbound",
            "module.networking.module.vpc.aws_network_acl_rule.redshift_inbound",
            "module.networking.module.vpc.aws_network_acl_rule.redshift_outbound",
            "module.networking.module.vpc.aws_redshift_subnet_group.redshift",
            "module.networking.module.vpc.aws_route.database_internet_gateway",
            "module.networking.module.vpc.aws_route.database_ipv6_egress",
            "module.networking.module.vpc.aws_route.database_nat_gateway",
            "module.networking.module.vpc.aws_route.private_ipv6_egress",
            "module.networking.module.vpc.aws_route.private_nat_gateway",
            "module.networking.module.vpc.aws_route.public_internet_gateway",
            "module.networking.module.vpc.aws_route.public_internet_gateway_ipv6",
            "module.networking.module.vpc.aws_route_table.database",
            "module.networking.module.vpc.aws_route_table.elasticache",
            "module.networking.module.vpc.aws_route_table.intra",
            "module.networking.module.vpc.aws_route_table.private",
            "module.networking.module.vpc.aws_route_table.public",
            "module.networking.module.vpc.aws_route_table.redshift",
            "module.networking.module.vpc.aws_route_table_association.database",
            "module.networking.module.vpc.aws_route_table_association.elasticache",
            "module.networking.module.vpc.aws_route_table_association.intra",
            "module.networking.module.vpc.aws_route_table_association.private",
            "module.networking.module.vpc.aws_route_table_association.public",
            "module.networking.module.vpc.aws_route_table_association.redshift",
            "module.networking.module.vpc.aws_route_table_association.redshift_public",
            "module.networking.module.vpc.aws_subnet.database",
            "module.networking.module.vpc.aws_subnet.elasticache",
            "module.networking.module.vpc.aws_subnet.intra",
            "module.networking.module.vpc.aws_subnet.private",
            "module.networking.module.vpc.aws_subnet.public",
            "module.networking.module.vpc.aws_subnet.redshift",
            "module.networking.module.vpc.aws_vpc.this",
            "module.networking.module.vpc.aws_vpc_dhcp_options.this",
            "module.networking.module.vpc.aws_vpc_dhcp_options_association.this",
            "module.networking.module.vpc.aws_vpc_endpoint.access_analyzer",
            "module.networking.module.vpc.aws_vpc_endpoint.acm_pca",
            "module.networking.module.vpc.aws_vpc_endpoint.apigw",
            "module.networking.module.vpc.aws_vpc_endpoint.appmesh_envoy_management",
            "module.networking.module.vpc.aws_vpc_endpoint.appstream_api",
            "module.networking.module.vpc.aws_vpc_endpoint.appstream_streaming",
            "module.networking.module.vpc.aws_vpc_endpoint.athena",
            "module.networking.module.vpc.aws_vpc_endpoint.auto_scaling_plans",
            "module.networking.module.vpc.aws_vpc_endpoint.cloud_directory",
            "module.networking.module.vpc.aws_vpc_endpoint.cloudformation",
            "module.networking.module.vpc.aws_vpc_endpoint.cloudtrail",
            "module.networking.module.vpc.aws_vpc_endpoint.codeartifact_api",
            "module.networking.module.vpc.aws_vpc_endpoint.codeartifact_repositories",
            "module.networking.module.vpc.aws_vpc_endpoint.codebuild",
            "module.networking.module.vpc.aws_vpc_endpoint.codecommit",
            "module.networking.module.vpc.aws_vpc_endpoint.codedeploy",
            "module.networking.module.vpc.aws_vpc_endpoint.codedeploy_commands_secure",
            "module.networking.module.vpc.aws_vpc_endpoint.codepipeline",
            "module.networking.module.vpc.aws_vpc_endpoint.config",
            "module.networking.module.vpc.aws_vpc_endpoint.datasync",
            "module.networking.module.vpc.aws_vpc_endpoint.dynamodb",
            "module.networking.module.vpc.aws_vpc_endpoint.ebs",
            "module.networking.module.vpc.aws_vpc_endpoint.ec2",
            "module.networking.module.vpc.aws_vpc_endpoint.ec2_autoscaling",
            "module.networking.module.vpc.aws_vpc_endpoint.ec2messages",
            "module.networking.module.vpc.aws_vpc_endpoint.ecr_api",
            "module.networking.module.vpc.aws_vpc_endpoint.ecr_dkr",
            "module.networking.module.vpc.aws_vpc_endpoint.ecs",
            "module.networking.module.vpc.aws_vpc_endpoint.ecs_agent",
            "module.networking.module.vpc.aws_vpc_endpoint.ecs_telemetry",
            "module.networking.module.vpc.aws_vpc_endpoint.efs",
            "module.networking.module.vpc.aws_vpc_endpoint.elastic_inference_runtime",
            "module.networking.module.vpc.aws_vpc_endpoint.elasticbeanstalk",
            "module.networking.module.vpc.aws_vpc_endpoint.elasticbeanstalk_health",
            "module.networking.module.vpc.aws_vpc_endpoint.elasticloadbalancing",
            "module.networking.module.vpc.aws_vpc_endpoint.emr",
            "module.networking.module.vpc.aws_vpc_endpoint.events",
            "module.networking.module.vpc.aws_vpc_endpoint.git_codecommit",
            "module.networking.module.vpc.aws_vpc_endpoint.glue",
            "module.networking.module.vpc.aws_vpc_endpoint.kinesis_firehose",
            "module.networking.module.vpc.aws_vpc_endpoint.kinesis_streams",
            "module.networking.module.vpc.aws_vpc_endpoint.kms",
            "module.networking.module.vpc.aws_vpc_endpoint.lambda",
            "module.networking.module.vpc.aws_vpc_endpoint.logs",
            "module.networking.module.vpc.aws_vpc_endpoint.monitoring",
            "module.networking.module.vpc.aws_vpc_endpoint.qldb_session",
            "module.networking.module.vpc.aws_vpc_endpoint.rds",
            "module.networking.module.vpc.aws_vpc_endpoint.rekognition",
            "module.networking.module.vpc.aws_vpc_endpoint.s3",
            "module.networking.module.vpc.aws_vpc_endpoint.sagemaker_api",
            "module.networking.module.vpc.aws_vpc_endpoint.sagemaker_notebook",
            "module.networking.module.vpc.aws_vpc_endpoint.sagemaker_runtime",
            "module.networking.module.vpc.aws_vpc_endpoint.secretsmanager",
            "module.networking.module.vpc.aws_vpc_endpoint.servicecatalog",
            "module.networking.module.vpc.aws_vpc_endpoint.ses",
            "module.networking.module.vpc.aws_vpc_endpoint.sms",
            "module.networking.module.vpc.aws_vpc_endpoint.sns",
            "module.networking.module.vpc.aws_vpc_endpoint.sqs",
            "module.networking.module.vpc.aws_vpc_endpoint.ssm",
            "module.networking.module.vpc.aws_vpc_endpoint.ssmmessages",
            "module.networking.module.vpc.aws_vpc_endpoint.states",
            "module.networking.module.vpc.aws_vpc_endpoint.storagegateway",
            "module.networking.module.vpc.aws_vpc_endpoint.sts",
            "module.networking.module.vpc.aws_vpc_endpoint.textract",
            "module.networking.module.vpc.aws_vpc_endpoint.transfer",
            "module.networking.module.vpc.aws_vpc_endpoint.transferserver",
            "module.networking.module.vpc.aws_vpc_endpoint.workspaces",
            "module.networking.module.vpc.aws_vpc_endpoint_route_table_association.intra_dynamodb",
            "module.networking.module.vpc.aws_vpc_endpoint_route_table_association.intra_s3",
            "module.networking.module.vpc.aws_vpc_endpoint_route_table_association.private_dynamodb",
            "module.networking.module.vpc.aws_vpc_endpoint_route_table_association.private_s3",
            "module.networking.module.vpc.aws_vpc_endpoint_route_table_association.public_dynamodb",
            "module.networking.module.vpc.aws_vpc_endpoint_route_table_association.public_s3",
            "module.networking.module.vpc.aws_vpc_ipv4_cidr_block_association.this",
            "module.networking.module.vpc.aws_vpn_gateway.this",
            "module.networking.module.vpc.aws_vpn_gateway_attachment.this",
            "module.networking.module.vpc.aws_vpn_gateway_route_propagation.intra",
            "module.networking.module.vpc.aws_vpn_gateway_route_propagation.private",
            "module.networking.module.vpc.aws_vpn_gateway_route_propagation.public",
            "module.networking.module.vpc.data.aws_iam_policy_document.flow_log_cloudwatch_assume_role",
            "module.networking.module.vpc.data.aws_iam_policy_document.vpc_flow_log_cloudwatch",
            "module.networking.module.vpc.data.aws_vpc_endpoint_service.access_analyzer",
            "module.networking.module.vpc.data.aws_vpc_endpoint_service.acm_pca",
            "module.networking.module.vpc.data.aws_vpc_endpoint_service.apigw",
            "module.networking.module.vpc.data.aws_vpc_endpoint_service.appmesh_envoy_management",
            "module.networking.module.vpc.data.aws_vpc_endpoint_service.appstream_api",
            "module.networking.module.vpc.data.aws_vpc_endpoint_service.appstream_streaming",
            "module.networking.module.vpc.data.aws_vpc_endpoint_service.athena",
            "module.networking.module.vpc.data.aws_vpc_endpoint_service.auto_scaling_plans",
            "module.networking.module.vpc.data.aws_vpc_endpoint_service.cloud_directory",
            "module.networking.module.vpc.data.aws_vpc_endpoint_service.cloudformation",
            "module.networking.module.vpc.data.aws_vpc_endpoint_service.cloudtrail",
            "module.networking.module.vpc.data.aws_vpc_endpoint_service.codeartifact_api",
            "module.networking.module.vpc.data.aws_vpc_endpoint_service.codeartifact_repositories",
            "module.networking.module.vpc.data.aws_vpc_endpoint_service.codebuild",
            "module.networking.module.vpc.data.aws_vpc_endpoint_service.codecommit",
            "module.networking.module.vpc.data.aws_vpc_endpoint_service.codedeploy",
            "module.networking.module.vpc.data.aws_vpc_endpoint_service.codedeploy_commands_secure",
            "module.networking.module.vpc.data.aws_vpc_endpoint_service.codepipeline",
            "module.networking.module.vpc.data.aws_vpc_endpoint_service.config",
            "module.networking.module.vpc.data.aws_vpc_endpoint_service.datasync",
            "module.networking.module.vpc.data.aws_vpc_endpoint_service.dynamodb",
            "module.networking.module.vpc.data.aws_vpc_endpoint_service.ebs",
            "module.networking.module.vpc.data.aws_vpc_endpoint_service.ec2",
            "module.networking.module.vpc.data.aws_vpc_endpoint_service.ec2_autoscaling",
            "module.networking.module.vpc.data.aws_vpc_endpoint_service.ec2messages",
            "module.networking.module.vpc.data.aws_vpc_endpoint_service.ecr_api",
            "module.networking.module.vpc.data.aws_vpc_endpoint_service.ecr_dkr",
            "module.networking.module.vpc.data.aws_vpc_endpoint_service.ecs",
            "module.networking.module.vpc.data.aws_vpc_endpoint_service.ecs_agent",
            "module.networking.module.vpc.data.aws_vpc_endpoint_service.ecs_telemetry",
            "module.networking.module.vpc.data.aws_vpc_endpoint_service.efs",
            "module.networking.module.vpc.data.aws_vpc_endpoint_service.elastic_inference_runtime",
            "module.networking.module.vpc.data.aws_vpc_endpoint_service.elasticbeanstalk",
            "module.networking.module.vpc.data.aws_vpc_endpoint_service.elasticbeanstalk_health",
            "module.networking.module.vpc.data.aws_vpc_endpoint_service.elasticloadbalancing",
            "module.networking.module.vpc.data.aws_vpc_endpoint_service.emr",
            "module.networking.module.vpc.data.aws_vpc_endpoint_service.events",
            "module.networking.module.vpc.data.aws_vpc_endpoint_service.git_codecommit",
            "module.networking.module.vpc.data.aws_vpc_endpoint_service.glue",
            "module.networking.module.vpc.data.aws_vpc_endpoint_service.kinesis_firehose",
            "module.networking.module.vpc.data.aws_vpc_endpoint_service.kinesis_streams",
            "module.networking.module.vpc.data.aws_vpc_endpoint_service.kms",
            "module.networking.module.vpc.data.aws_vpc_endpoint_service.lambda",
            "module.networking.module.vpc.data.aws_vpc_endpoint_service.logs",
            "module.networking.module.vpc.data.aws_vpc_endpoint_service.monitoring",
            "module.networking.module.vpc.data.aws_vpc_endpoint_service.qldb_session",
            "module.networking.module.vpc.data.aws_vpc_endpoint_service.rds",
            "module.networking.module.vpc.data.aws_vpc_endpoint_service.rekognition",
            "module.networking.module.vpc.data.aws_vpc_endpoint_service.s3",
            "module.networking.module.vpc.data.aws_vpc_endpoint_service.sagemaker_api",
            "module.networking.module.vpc.data.aws_vpc_endpoint_service.sagemaker_notebook",
            "module.networking.module.vpc.data.aws_vpc_endpoint_service.sagemaker_runtime",
            "module.networking.module.vpc.data.aws_vpc_endpoint_service.secretsmanager",
            "module.networking.module.vpc.data.aws_vpc_endpoint_service.servicecatalog",
            "module.networking.module.vpc.data.aws_vpc_endpoint_service.ses",
            "module.networking.module.vpc.data.aws_vpc_endpoint_service.sms",
            "module.networking.module.vpc.data.aws_vpc_endpoint_service.sns",
            "module.networking.module.vpc.data.aws_vpc_endpoint_service.sqs",
            "module.networking.module.vpc.data.aws_vpc_endpoint_service.ssm",
            "module.networking.module.vpc.data.aws_vpc_endpoint_service.ssmmessages",
            "module.networking.module.vpc.data.aws_vpc_endpoint_service.states",
            "module.networking.module.vpc.data.aws_vpc_endpoint_service.storagegateway",
            "module.networking.module.vpc.data.aws_vpc_endpoint_service.sts",
            "module.networking.module.vpc.data.aws_vpc_endpoint_service.textract",
            "module.networking.module.vpc.data.aws_vpc_endpoint_service.transfer",
            "module.networking.module.vpc.data.aws_vpc_endpoint_service.transferserver",
            "module.networking.module.vpc.data.aws_vpc_endpoint_service.workspaces",
            "module.networking.module.websvr_sg.aws_security_group.security_group"
          ],
          "create_before_destroy": true
        }
      ]
    },
    {
      "module": "module.autoscaling.module.iam_instance_profile",
      "mode": "data",
      "type": "aws_iam_policy_document",
      "name": "iam_policy_document",
      "provider": "provider[\"registry.terraform.io/hashicorp/aws\"]",
      "instances": [
        {
          "schema_version": 0,
          "attributes": {
            "id": "1577703643",
            "json": "{\n  \"Version\": \"2012-10-17\",\n  \"Statement\": [\n    {\n      \"Sid\": \"\",\n      \"Effect\": \"Allow\",\n      \"Action\": [\n        \"rds:*\",\n        \"logs:*\"\n      ],\n      \"Resource\": \"*\"\n    }\n  ]\n}",
            "override_json": null,
            "override_policy_documents": null,
            "policy_id": null,
            "source_json": null,
            "source_policy_documents": null,
            "statement": [
              {
                "actions": [
                  "logs:*",
                  "rds:*"
                ],
                "condition": [],
                "effect": "Allow",
                "not_actions": [],
                "not_principals": [],
                "not_resources": [],
                "principals": [],
                "resources": [
                  "*"
                ],
                "sid": ""
              }
            ],
            "version": "2012-10-17"
          },
          "sensitive_attributes": [],
          "identity_schema_version": 0
        }
      ]
    },
    {
      "module": "module.autoscaling.module.iam_instance_profile",
      "mode": "managed",
      "type": "aws_iam_instance_profile",
      "name": "iam_instance_profile",
      "provider": "provider[\"registry.terraform.io/hashicorp/aws\"]",
      "instances": [
        {
          "schema_version": 0,
          "attributes": {
            "arn": "arn:aws:iam::612623079854:instance-profile/terraform-20260506035214065200000003",
            "create_date": "2026-05-06T03:52:14Z",
            "id": "terraform-20260506035214065200000003",
            "name": "terraform-20260506035214065200000003",
            "name_prefix": null,
            "path": "/",
            "role": "terraform-20260506035209958400000001",
            "tags": {},
            "tags_all": {},
            "unique_id": "AIPAY5IZOLGXLOPNEVESE"
          },
          "sensitive_attributes": [],
          "identity_schema_version": 0,
          "private": "bnVsbA==",
          "dependencies": [
            "module.autoscaling.module.iam_instance_profile.aws_iam_role.iam_role"
          ]
        }
      ]
    },
    {
      "module": "module.autoscaling.module.iam_instance_profile",
      "mode": "managed",
      "type": "aws_iam_role",
      "name": "iam_role",
      "provider": "provider[\"registry.terraform.io/hashicorp/aws\"]",
      "instances": [
        {
          "schema_version": 0,
          "attributes": {
            "arn": "arn:aws:iam::612623079854:role/terraform-20260506035209958400000001",
            "assume_role_policy": "{\"Version\":\"2012-10-17\",\"Statement\":[{\"Effect\":\"Allow\",\"Principal\":{\"Service\":\"ec2.amazonaws.com\"},\"Action\":\"sts:AssumeRole\"}]}",
            "create_date": "2026-05-06T03:52:10Z",
            "description": "",
            "force_detach_policies": false,
            "id": "terraform-20260506035209958400000001",
            "inline_policy": [
              {
                "name": "terraform-20260506035214064700000002",
                "policy": "{\n  \"Version\": \"2012-10-17\",\n  \"Statement\": [\n    {\n      \"Sid\": \"\",\n      \"Effect\": \"Allow\",\n      \"Action\": [\n        \"rds:*\",\n        \"logs:*\"\n      ],\n      \"Resource\": \"*\"\n    }\n  ]\n}"
              }
            ],
            "managed_policy_arns": [],
            "max_session_duration": 3600,
            "name": "terraform-20260506035209958400000001",
            "name_prefix": "terraform-",
            "path": "/",
            "permissions_boundary": null,
            "tags": {},
            "tags_all": {},
            "unique_id": "AROAY5IZOLGXD3WSLTWPX"
          },
          "sensitive_attributes": [],
          "identity_schema_version": 0,
          "private": "bnVsbA=="
        }
      ]
    },
    {
      "module": "module.autoscaling.module.iam_instance_profile",
      "mode": "managed",
      "type": "aws_iam_role_policy",
      "name": "iam_role_policy",
      "provider": "provider[\"registry.terraform.io/hashicorp/aws\"]",
      "instances": [
        {
          "schema_version": 0,
          "attributes": {
            "id": "terraform-20260506035209958400000001:terraform-20260506035214064700000002",
            "name": "terraform-20260506035214064700000002",
            "name_prefix": null,
            "policy": "{\n  \"Version\": \"2012-10-17\",\n  \"Statement\": [\n    {\n      \"Sid\": \"\",\n      \"Effect\": \"Allow\",\n      \"Action\": [\n        \"rds:*\",\n        \"logs:*\"\n      ],\n      \"Resource\": \"*\"\n    }\n  ]\n}",
            "role": "terraform-20260506035209958400000001"
          },
          "sensitive_attributes": [],
          "identity_schema_version": 0,
          "private": "bnVsbA==",
          "dependencies": [
            "module.autoscaling.module.iam_instance_profile.aws_iam_role.iam_role",
            "module.autoscaling.module.iam_instance_profile.data.aws_iam_policy_document.iam_policy_document"
          ]
        }
      ]
    },
    {
      "module": "module.database",
      "mode": "managed",
      "type": "aws_db_instance",
      "name": "database",
      "provider": "provider[\"registry.terraform.io/hashicorp/aws\"]",
      "instances": [
        {
          "schema_version": 1,
          "attributes": {
            "address": "my-3-tier-architecture-db-instance.c7e00q0eoe1e.us-west-2.rds.amazonaws.com",
            "allocated_storage": 10,
            "allow_major_version_upgrade": null,
            "apply_immediately": null,
            "arn": "arn:aws:rds:us-west-2:612623079854:db:my-3-tier-architecture-db-instance",
            "auto_minor_version_upgrade": true,
            "availability_zone": "us-west-2a",
            "backup_retention_period": 0,
            "backup_window": "12:22-12:52",
            "ca_cert_identifier": "rds-ca-rsa2048-g1",
            "character_set_name": "",
            "copy_tags_to_snapshot": false,
            "customer_owned_ip_enabled": false,
            "db_subnet_group_name": "my-3-tier-architecture-vpc",
            "delete_automated_backups": true,
            "deletion_protection": false,
            "domain": "",
            "domain_iam_role_name": "",
            "enabled_cloudwatch_logs_exports": [],
            "endpoint": "my-3-tier-architecture-db-instance.c7e00q0eoe1e.us-west-2.rds.amazonaws.com:3306",
            "engine": "mysql",
            "engine_version": "8.0",
            "engine_version_actual": "8.0.45",
            "final_snapshot_identifier": null,
            "hosted_zone_id": "Z1PVIF0B656C1W",
            "iam_database_authentication_enabled": false,
            "id": "my-3-tier-architecture-db-instance",
            "identifier": "my-3-tier-architecture-db-instance",
            "identifier_prefix": null,
            "instance_class": "db.t3.micro",
            "iops": 0,
            "kms_key_id": "",
            "latest_restorable_time": "0001-01-01T00:00:00Z",
            "license_model": "general-public-license",
            "maintenance_window": "tue:06:19-tue:06:49",
            "max_allocated_storage": 0,
            "monitoring_interval": 0,
            "monitoring_role_arn": "",
            "multi_az": false,
            "name": "pets",
            "nchar_character_set_name": "",
            "option_group_name": "default:mysql-8-0",
            "parameter_group_name": "default.mysql8.0",
            "password": "FCYEFSvpI8KKVdfw",
            "performance_insights_enabled": false,
            "performance_insights_kms_key_id": "",
            "performance_insights_retention_period": 0,
            "port": 3306,
            "publicly_accessible": false,
            "replica_mode": "",
            "replicas": [],
            "replicate_source_db": "",
            "resource_id": "db-STX2UODARBTFQDTQWKVFC2QMTE",
            "restore_to_point_in_time": [],
            "s3_import": [],
            "security_group_names": [],
            "skip_final_snapshot": true,
            "snapshot_identifier": null,
            "status": "available",
            "storage_encrypted": false,
            "storage_type": "gp2",
            "tags": {},
            "tags_all": {},
            "timeouts": null,
            "timezone": "",
            "username": "admin",
            "vpc_security_group_ids": [
              "sg-0e228443f81562553"
            ]
          },
          "sensitive_attributes": [
            [
              {
                "type": "get_attr",
                "value": "password"
              }
            ]
          ],
          "identity_schema_version": 0,
          "private": "eyJlMmJmYjczMC1lY2FhLTExZTYtOGY4OC0zNDM2M2JjN2M0YzAiOnsiY3JlYXRlIjoyNDAwMDAwMDAwMDAwLCJkZWxldGUiOjM2MDAwMDAwMDAwMDAsInVwZGF0ZSI6NDgwMDAwMDAwMDAwMH0sInNjaGVtYV92ZXJzaW9uIjoiMSJ9",
          "dependencies": [
            "module.database.random_password.password",
            "module.networking.data.aws_availability_zones.available",
            "module.networking.module.db_sg.aws_security_group.security_group",
            "module.networking.module.lb_sg.aws_security_group.security_group",
            "module.networking.module.vpc.aws_cloudwatch_log_group.flow_log",
            "module.networking.module.vpc.aws_customer_gateway.this",
            "module.networking.module.vpc.aws_db_subnet_group.database",
            "module.networking.module.vpc.aws_default_network_acl.this",
            "module.networking.module.vpc.aws_default_security_group.this",
            "module.networking.module.vpc.aws_default_vpc.this",
            "module.networking.module.vpc.aws_egress_only_internet_gateway.this",
            "module.networking.module.vpc.aws_eip.nat",
            "module.networking.module.vpc.aws_elasticache_subnet_group.elasticache",
            "module.networking.module.vpc.aws_flow_log.this",
            "module.networking.module.vpc.aws_iam_policy.vpc_flow_log_cloudwatch",
            "module.networking.module.vpc.aws_iam_role.vpc_flow_log_cloudwatch",
            "module.networking.module.vpc.aws_iam_role_policy_attachment.vpc_flow_log_cloudwatch",
            "module.networking.module.vpc.aws_internet_gateway.this",
            "module.networking.module.vpc.aws_nat_gateway.this",
            "module.networking.module.vpc.aws_network_acl.database",
            "module.networking.module.vpc.aws_network_acl.elasticache",
            "module.networking.module.vpc.aws_network_acl.intra",
            "module.networking.module.vpc.aws_network_acl.private",
            "module.networking.module.vpc.aws_network_acl.public",
            "module.networking.module.vpc.aws_network_acl.redshift",
            "module.networking.module.vpc.aws_network_acl_rule.database_inbound",
            "module.networking.module.vpc.aws_network_acl_rule.database_outbound",
            "module.networking.module.vpc.aws_network_acl_rule.elasticache_inbound",
            "module.networking.module.vpc.aws_network_acl_rule.elasticache_outbound",
            "module.networking.module.vpc.aws_network_acl_rule.intra_inbound",
            "module.networking.module.vpc.aws_network_acl_rule.intra_outbound",
            "module.networking.module.vpc.aws_network_acl_rule.private_inbound",
            "module.networking.module.vpc.aws_network_acl_rule.private_outbound",
            "module.networking.module.vpc.aws_network_acl_rule.public_inbound",
            "module.networking.module.vpc.aws_network_acl_rule.public_outbound",
            "module.networking.module.vpc.aws_network_acl_rule.redshift_inbound",
            "module.networking.module.vpc.aws_network_acl_rule.redshift_outbound",
            "module.networking.module.vpc.aws_redshift_subnet_group.redshift",
            "module.networking.module.vpc.aws_route.database_internet_gateway",
            "module.networking.module.vpc.aws_route.database_ipv6_egress",
            "module.networking.module.vpc.aws_route.database_nat_gateway",
            "module.networking.module.vpc.aws_route.private_ipv6_egress",
            "module.networking.module.vpc.aws_route.private_nat_gateway",
            "module.networking.module.vpc.aws_route.public_internet_gateway",
            "module.networking.module.vpc.aws_route.public_internet_gateway_ipv6",
            "module.networking.module.vpc.aws_route_table.database",
            "module.networking.module.vpc.aws_route_table.elasticache",
            "module.networking.module.vpc.aws_route_table.intra",
            "module.networking.module.vpc.aws_route_table.private",
            "module.networking.module.vpc.aws_route_table.public",
            "module.networking.module.vpc.aws_route_table.redshift",
            "module.networking.module.vpc.aws_route_table_association.database",
            "module.networking.module.vpc.aws_route_table_association.elasticache",
            "module.networking.module.vpc.aws_route_table_association.intra",
            "module.networking.module.vpc.aws_route_table_association.private",
            "module.networking.module.vpc.aws_route_table_association.public",
            "module.networking.module.vpc.aws_route_table_association.redshift",
            "module.networking.module.vpc.aws_route_table_association.redshift_public",
            "module.networking.module.vpc.aws_subnet.database",
            "module.networking.module.vpc.aws_subnet.elasticache",
            "module.networking.module.vpc.aws_subnet.intra",
            "module.networking.module.vpc.aws_subnet.private",
            "module.networking.module.vpc.aws_subnet.public",
            "module.networking.module.vpc.aws_subnet.redshift",
            "module.networking.module.vpc.aws_vpc.this",
            "module.networking.module.vpc.aws_vpc_dhcp_options.this",
            "module.networking.module.vpc.aws_vpc_dhcp_options_association.this",
            "module.networking.module.vpc.aws_vpc_endpoint.access_analyzer",
            "module.networking.module.vpc.aws_vpc_endpoint.acm_pca",
            "module.networking.module.vpc.aws_vpc_endpoint.apigw",
            "module.networking.module.vpc.aws_vpc_endpoint.appmesh_envoy_management",
            "module.networking.module.vpc.aws_vpc_endpoint.appstream_api",
            "module.networking.module.vpc.aws_vpc_endpoint.appstream_streaming",
            "module.networking.module.vpc.aws_vpc_endpoint.athena",
            "module.networking.module.vpc.aws_vpc_endpoint.auto_scaling_plans",
            "module.networking.module.vpc.aws_vpc_endpoint.cloud_directory",
            "module.networking.module.vpc.aws_vpc_endpoint.cloudformation",
            "module.networking.module.vpc.aws_vpc_endpoint.cloudtrail",
            "module.networking.module.vpc.aws_vpc_endpoint.codeartifact_api",
            "module.networking.module.vpc.aws_vpc_endpoint.codeartifact_repositories",
            "module.networking.module.vpc.aws_vpc_endpoint.codebuild",
            "module.networking.module.vpc.aws_vpc_endpoint.codecommit",
            "module.networking.module.vpc.aws_vpc_endpoint.codedeploy",
            "module.networking.module.vpc.aws_vpc_endpoint.codedeploy_commands_secure",
            "module.networking.module.vpc.aws_vpc_endpoint.codepipeline",
            "module.networking.module.vpc.aws_vpc_endpoint.config",
            "module.networking.module.vpc.aws_vpc_endpoint.datasync",
            "module.networking.module.vpc.aws_vpc_endpoint.dynamodb",
            "module.networking.module.vpc.aws_vpc_endpoint.ebs",
            "module.networking.module.vpc.aws_vpc_endpoint.ec2",
            "module.networking.module.vpc.aws_vpc_endpoint.ec2_autoscaling",
            "module.networking.module.vpc.aws_vpc_endpoint.ec2messages",
            "module.networking.module.vpc.aws_vpc_endpoint.ecr_api",
            "module.networking.module.vpc.aws_vpc_endpoint.ecr_dkr",
            "module.networking.module.vpc.aws_vpc_endpoint.ecs",
            "module.networking.module.vpc.aws_vpc_endpoint.ecs_agent",
            "module.networking.module.vpc.aws_vpc_endpoint.ecs_telemetry",
            "module.networking.module.vpc.aws_vpc_endpoint.efs",
            "module.networking.module.vpc.aws_vpc_endpoint.elastic_inference_runtime",
            "module.networking.module.vpc.aws_vpc_endpoint.elasticbeanstalk",
            "module.networking.module.vpc.aws_vpc_endpoint.elasticbeanstalk_health",
            "module.networking.module.vpc.aws_vpc_endpoint.elasticloadbalancing",
            "module.networking.module.vpc.aws_vpc_endpoint.emr",
            "module.networking.module.vpc.aws_vpc_endpoint.events",
            "module.networking.module.vpc.aws_vpc_endpoint.git_codecommit",
            "module.networking.module.vpc.aws_vpc_endpoint.glue",
            "module.networking.module.vpc.aws_vpc_endpoint.kinesis_firehose",
            "module.networking.module.vpc.aws_vpc_endpoint.kinesis_streams",
            "module.networking.module.vpc.aws_vpc_endpoint.kms",
            "module.networking.module.vpc.aws_vpc_endpoint.lambda",
            "module.networking.module.vpc.aws_vpc_endpoint.logs",
            "module.networking.module.vpc.aws_vpc_endpoint.monitoring",
            "module.networking.module.vpc.aws_vpc_endpoint.qldb_session",
            "module.networking.module.vpc.aws_vpc_endpoint.rds",
            "module.networking.module.vpc.aws_vpc_endpoint.rekognition",
            "module.networking.module.vpc.aws_vpc_endpoint.s3",
            "module.networking.module.vpc.aws_vpc_endpoint.sagemaker_api",
            "module.networking.module.vpc.aws_vpc_endpoint.sagemaker_notebook",
            "module.networking.module.vpc.aws_vpc_endpoint.sagemaker_runtime",
            "module.networking.module.vpc.aws_vpc_endpoint.secretsmanager",
            "module.networking.module.vpc.aws_vpc_endpoint.servicecatalog",
            "module.networking.module.vpc.aws_vpc_endpoint.ses",
            "module.networking.module.vpc.aws_vpc_endpoint.sms",
            "module.networking.module.vpc.aws_vpc_endpoint.sns",
            "module.networking.module.vpc.aws_vpc_endpoint.sqs",
            "module.networking.module.vpc.aws_vpc_endpoint.ssm",
            "module.networking.module.vpc.aws_vpc_endpoint.ssmmessages",
            "module.networking.module.vpc.aws_vpc_endpoint.states",
            "module.networking.module.vpc.aws_vpc_endpoint.storagegateway",
            "module.networking.module.vpc.aws_vpc_endpoint.sts",
            "module.networking.module.vpc.aws_vpc_endpoint.textract",
            "module.networking.module.vpc.aws_vpc_endpoint.transfer",
            "module.networking.module.vpc.aws_vpc_endpoint.transferserver",
            "module.networking.module.vpc.aws_vpc_endpoint.workspaces",
            "module.networking.module.vpc.aws_vpc_endpoint_route_table_association.intra_dynamodb",
            "module.networking.module.vpc.aws_vpc_endpoint_route_table_association.intra_s3",
            "module.networking.module.vpc.aws_vpc_endpoint_route_table_association.private_dynamodb",
            "module.networking.module.vpc.aws_vpc_endpoint_route_table_association.private_s3",
            "module.networking.module.vpc.aws_vpc_endpoint_route_table_association.public_dynamodb",
            "module.networking.module.vpc.aws_vpc_endpoint_route_table_association.public_s3",
            "module.networking.module.vpc.aws_vpc_ipv4_cidr_block_association.this",
            "module.networking.module.vpc.aws_vpn_gateway.this",
            "module.networking.module.vpc.aws_vpn_gateway_attachment.this",
            "module.networking.module.vpc.aws_vpn_gateway_route_propagation.intra",
            "module.networking.module.vpc.aws_vpn_gateway_route_propagation.private",
            "module.networking.module.vpc.aws_vpn_gateway_route_propagation.public",
            "module.networking.module.vpc.data.aws_iam_policy_document.flow_log_cloudwatch_assume_role",
            "module.networking.module.vpc.data.aws_iam_policy_document.vpc_flow_log_cloudwatch",
            "module.networking.module.vpc.data.aws_vpc_endpoint_service.access_analyzer",
            "module.networking.module.vpc.data.aws_vpc_endpoint_service.acm_pca",
            "module.networking.module.vpc.data.aws_vpc_endpoint_service.apigw",
            "module.networking.module.vpc.data.aws_vpc_endpoint_service.appmesh_envoy_management",
            "module.networking.module.vpc.data.aws_vpc_endpoint_service.appstream_api",
            "module.networking.module.vpc.data.aws_vpc_endpoint_service.appstream_streaming",
            "module.networking.module.vpc.data.aws_vpc_endpoint_service.athena",
            "module.networking.module.vpc.data.aws_vpc_endpoint_service.auto_scaling_plans",
            "module.networking.module.vpc.data.aws_vpc_endpoint_service.cloud_directory",
            "module.networking.module.vpc.data.aws_vpc_endpoint_service.cloudformation",
            "module.networking.module.vpc.data.aws_vpc_endpoint_service.cloudtrail",
            "module.networking.module.vpc.data.aws_vpc_endpoint_service.codeartifact_api",
            "module.networking.module.vpc.data.aws_vpc_endpoint_service.codeartifact_repositories",
            "module.networking.module.vpc.data.aws_vpc_endpoint_service.codebuild",
            "module.networking.module.vpc.data.aws_vpc_endpoint_service.codecommit",
            "module.networking.module.vpc.data.aws_vpc_endpoint_service.codedeploy",
            "module.networking.module.vpc.data.aws_vpc_endpoint_service.codedeploy_commands_secure",
            "module.networking.module.vpc.data.aws_vpc_endpoint_service.codepipeline",
            "module.networking.module.vpc.data.aws_vpc_endpoint_service.config",
            "module.networking.module.vpc.data.aws_vpc_endpoint_service.datasync",
            "module.networking.module.vpc.data.aws_vpc_endpoint_service.dynamodb",
            "module.networking.module.vpc.data.aws_vpc_endpoint_service.ebs",
            "module.networking.module.vpc.data.aws_vpc_endpoint_service.ec2",
            "module.networking.module.vpc.data.aws_vpc_endpoint_service.ec2_autoscaling",
            "module.networking.module.vpc.data.aws_vpc_endpoint_service.ec2messages",
            "module.networking.module.vpc.data.aws_vpc_endpoint_service.ecr_api",
            "module.networking.module.vpc.data.aws_vpc_endpoint_service.ecr_dkr",
            "module.networking.module.vpc.data.aws_vpc_endpoint_service.ecs",
            "module.networking.module.vpc.data.aws_vpc_endpoint_service.ecs_agent",
            "module.networking.module.vpc.data.aws_vpc_endpoint_service.ecs_telemetry",
            "module.networking.module.vpc.data.aws_vpc_endpoint_service.efs",
            "module.networking.module.vpc.data.aws_vpc_endpoint_service.elastic_inference_runtime",
            "module.networking.module.vpc.data.aws_vpc_endpoint_service.elasticbeanstalk",
            "module.networking.module.vpc.data.aws_vpc_endpoint_service.elasticbeanstalk_health",
            "module.networking.module.vpc.data.aws_vpc_endpoint_service.elasticloadbalancing",
            "module.networking.module.vpc.data.aws_vpc_endpoint_service.emr",
            "module.networking.module.vpc.data.aws_vpc_endpoint_service.events",
            "module.networking.module.vpc.data.aws_vpc_endpoint_service.git_codecommit",
            "module.networking.module.vpc.data.aws_vpc_endpoint_service.glue",
            "module.networking.module.vpc.data.aws_vpc_endpoint_service.kinesis_firehose",
            "module.networking.module.vpc.data.aws_vpc_endpoint_service.kinesis_streams",
            "module.networking.module.vpc.data.aws_vpc_endpoint_service.kms",
            "module.networking.module.vpc.data.aws_vpc_endpoint_service.lambda",
            "module.networking.module.vpc.data.aws_vpc_endpoint_service.logs",
            "module.networking.module.vpc.data.aws_vpc_endpoint_service.monitoring",
            "module.networking.module.vpc.data.aws_vpc_endpoint_service.qldb_session",
            "module.networking.module.vpc.data.aws_vpc_endpoint_service.rds",
            "module.networking.module.vpc.data.aws_vpc_endpoint_service.rekognition",
            "module.networking.module.vpc.data.aws_vpc_endpoint_service.s3",
            "module.networking.module.vpc.data.aws_vpc_endpoint_service.sagemaker_api",
            "module.networking.module.vpc.data.aws_vpc_endpoint_service.sagemaker_notebook",
            "module.networking.module.vpc.data.aws_vpc_endpoint_service.sagemaker_runtime",
            "module.networking.module.vpc.data.aws_vpc_endpoint_service.secretsmanager",
            "module.networking.module.vpc.data.aws_vpc_endpoint_service.servicecatalog",
            "module.networking.module.vpc.data.aws_vpc_endpoint_service.ses",
            "module.networking.module.vpc.data.aws_vpc_endpoint_service.sms",
            "module.networking.module.vpc.data.aws_vpc_endpoint_service.sns",
            "module.networking.module.vpc.data.aws_vpc_endpoint_service.sqs",
            "module.networking.module.vpc.data.aws_vpc_endpoint_service.ssm",
            "module.networking.module.vpc.data.aws_vpc_endpoint_service.ssmmessages",
            "module.networking.module.vpc.data.aws_vpc_endpoint_service.states",
            "module.networking.module.vpc.data.aws_vpc_endpoint_service.storagegateway",
            "module.networking.module.vpc.data.aws_vpc_endpoint_service.sts",
            "module.networking.module.vpc.data.aws_vpc_endpoint_service.textract",
            "module.networking.module.vpc.data.aws_vpc_endpoint_service.transfer",
            "module.networking.module.vpc.data.aws_vpc_endpoint_service.transferserver",
            "module.networking.module.vpc.data.aws_vpc_endpoint_service.workspaces",
            "module.networking.module.websvr_sg.aws_security_group.security_group"
          ]
        }
      ]
    },
    {
      "module": "module.database",
      "mode": "managed",
      "type": "random_password",
      "name": "password",
      "provider": "provider[\"registry.terraform.io/hashicorp/random\"]",
      "instances": [
        {
          "schema_version": 0,
          "attributes": {
            "id": "none",
            "keepers": null,
            "length": 16,
            "lower": true,
            "min_lower": 0,
            "min_numeric": 0,
            "min_special": 0,
            "min_upper": 0,
            "number": true,
            "override_special": "_%@/'\"",
            "result": "FCYEFSvpI8KKVdfw",
            "special": false,
            "upper": true
          },
          "sensitive_attributes": [
            [
              {
                "type": "get_attr",
                "value": "result"
              }
            ]
          ],
          "identity_schema_version": 0,
          "private": "bnVsbA=="
        }
      ]
    },
    {
      "module": "module.networking",
      "mode": "data",
      "type": "aws_availability_zones",
      "name": "available",
      "provider": "provider[\"registry.terraform.io/hashicorp/aws\"]",
      "instances": [
        {
          "schema_version": 0,
          "attributes": {
            "all_availability_zones": null,
            "exclude_names": null,
            "exclude_zone_ids": null,
            "filter": null,
            "group_names": [
              "us-west-2-zg-1"
            ],
            "id": "us-west-2",
            "names": [
              "us-west-2a",
              "us-west-2b",
              "us-west-2c",
              "us-west-2d"
            ],
            "state": null,
            "zone_ids": [
              "usw2-az2",
              "usw2-az1",
              "usw2-az3",
              "usw2-az4"
            ]
          },
          "sensitive_attributes": [],
          "identity_schema_version": 0
        }
      ]
    },
    {
      "module": "module.networking.module.db_sg",
      "mode": "managed",
      "type": "aws_security_group",
      "name": "security_group",
      "provider": "provider[\"registry.terraform.io/hashicorp/aws\"]",
      "instances": [
        {
          "schema_version": 1,
          "attributes": {
            "arn": "arn:aws:ec2:us-west-2:612623079854:security-group/sg-0e228443f81562553",
            "description": "Managed by Terraform",
            "egress": [
              {
                "cidr_blocks": [
                  "0.0.0.0/0"
                ],
                "description": "",
                "from_port": 0,
                "ipv6_cidr_blocks": [],
                "prefix_list_ids": [],
                "protocol": "-1",
                "security_groups": [],
                "self": false,
                "to_port": 0
              }
            ],
            "id": "sg-0e228443f81562553",
            "ingress": [
              {
                "cidr_blocks": [],
                "description": "",
                "from_port": 0,
                "ipv6_cidr_blocks": [],
                "prefix_list_ids": [],
                "protocol": "-1",
                "security_groups": [],
                "self": true,
                "to_port": 0
              },
              {
                "cidr_blocks": [],
                "description": "",
                "from_port": 3306,
                "ipv6_cidr_blocks": [],
                "prefix_list_ids": [],
                "protocol": "tcp",
                "security_groups": [
                  "sg-07801e5ce7016a2c5"
                ],
                "self": false,
                "to_port": 3306
              }
            ],
            "name": "terraform-20260506035245704100000006",
            "name_prefix": "terraform-",
            "owner_id": "612623079854",
            "revoke_rules_on_delete": false,
            "tags": {},
            "tags_all": {},
            "timeouts": null,
            "vpc_id": "vpc-066c7bc9d44343408"
          },
          "sensitive_attributes": [],
          "identity_schema_version": 0,
          "private": "eyJlMmJmYjczMC1lY2FhLTExZTYtOGY4OC0zNDM2M2JjN2M0YzAiOnsiY3JlYXRlIjo2MDAwMDAwMDAwMDAsImRlbGV0ZSI6OTAwMDAwMDAwMDAwfSwic2NoZW1hX3ZlcnNpb24iOiIxIn0=",
          "dependencies": [
            "module.networking.module.lb_sg.aws_security_group.security_group",
            "module.networking.module.vpc.aws_vpc.this",
            "module.networking.module.websvr_sg.aws_security_group.security_group"
          ],
          "create_before_destroy": true
        }
      ]
    },
    {
      "module": "module.networking.module.lb_sg",
      "mode": "managed",
      "type": "aws_security_group",
      "name": "security_group",
      "provider": "provider[\"registry.terraform.io/hashicorp/aws\"]",
      "instances": [
        {
          "schema_version": 1,
          "attributes": {
            "arn": "arn:aws:ec2:us-west-2:612623079854:security-group/sg-07315936de3b2b638",
            "description": "Managed by Terraform",
            "egress": [
              {
                "cidr_blocks": [
                  "0.0.0.0/0"
                ],
                "description": "",
                "from_port": 0,
                "ipv6_cidr_blocks": [],
                "prefix_list_ids": [],
                "protocol": "-1",
                "security_groups": [],
                "self": false,
                "to_port": 0
              }
            ],
            "id": "sg-07315936de3b2b638",
            "ingress": [
              {
                "cidr_blocks": [
                  "0.0.0.0/0"
                ],
                "description": "",
                "from_port": 80,
                "ipv6_cidr_blocks": [],
                "prefix_list_ids": [],
                "protocol": "tcp",
                "security_groups": [],
                "self": false,
                "to_port": 80
              },
              {
                "cidr_blocks": [],
                "description": "",
                "from_port": 0,
                "ipv6_cidr_blocks": [],
                "prefix_list_ids": [],
                "protocol": "-1",
                "security_groups": [],
                "self": true,
                "to_port": 0
              }
            ],
            "name": "terraform-20260506035225063000000004",
            "name_prefix": "terraform-",
            "owner_id": "612623079854",
            "revoke_rules_on_delete": false,
            "tags": {},
            "tags_all": {},
            "timeouts": null,
            "vpc_id": "vpc-066c7bc9d44343408"
          },
          "sensitive_attributes": [],
          "identity_schema_version": 0,
          "private": "eyJlMmJmYjczMC1lY2FhLTExZTYtOGY4OC0zNDM2M2JjN2M0YzAiOnsiY3JlYXRlIjo2MDAwMDAwMDAwMDAsImRlbGV0ZSI6OTAwMDAwMDAwMDAwfSwic2NoZW1hX3ZlcnNpb24iOiIxIn0=",
          "dependencies": [
            "module.networking.module.vpc.aws_vpc.this"
          ],
          "create_before_destroy": true
        }
      ]
    },
    {
      "module": "module.networking.module.vpc",
      "mode": "managed",
      "type": "aws_db_subnet_group",
      "name": "database",
      "provider": "provider[\"registry.terraform.io/hashicorp/aws\"]",
      "instances": [
        {
          "index_key": 0,
          "schema_version": 0,
          "attributes": {
            "arn": "arn:aws:rds:us-west-2:612623079854:subgrp:my-3-tier-architecture-vpc",
            "description": "Database subnet group for my-3-tier-architecture-vpc",
            "id": "my-3-tier-architecture-vpc",
            "name": "my-3-tier-architecture-vpc",
            "name_prefix": null,
            "subnet_ids": [
              "subnet-01d5fd604170cc2a0",
              "subnet-059bc3b59416bc430",
              "subnet-0db6236e904b28cd8"
            ],
            "tags": {
              "Name": "my-3-tier-architecture-vpc"
            },
            "tags_all": {
              "Name": "my-3-tier-architecture-vpc"
            }
          },
          "sensitive_attributes": [],
          "identity_schema_version": 0,
          "private": "bnVsbA==",
          "dependencies": [
            "module.networking.data.aws_availability_zones.available",
            "module.networking.module.vpc.aws_subnet.database",
            "module.networking.module.vpc.aws_vpc.this",
            "module.networking.module.vpc.aws_vpc_ipv4_cidr_block_association.this"
          ],
          "create_before_destroy": true
        }
      ]
    },
    {
      "module": "module.networking.module.vpc",
      "mode": "managed",
      "type": "aws_eip",
      "name": "nat",
      "provider": "provider[\"registry.terraform.io/hashicorp/aws\"]",
      "instances": [
        {
          "index_key": 0,
          "schema_version": 0,
          "attributes": {
            "address": null,
            "allocation_id": null,
            "associate_with_private_ip": null,
            "association_id": "eipassoc-0f7d75d75cfe16724",
            "carrier_ip": "",
            "customer_owned_ip": "",
            "customer_owned_ipv4_pool": "",
            "domain": "vpc",
            "id": "eipalloc-027039ed674e99006",
            "instance": "",
            "network_border_group": "us-west-2",
            "network_interface": "eni-0a54b7edac8573313",
            "private_dns": "ip-10-0-101-122.us-west-2.compute.internal",
            "private_ip": "10.0.101.122",
            "public_dns": "ec2-44-225-220-232.us-west-2.compute.amazonaws.com",
            "public_ip": "44.225.220.232",
            "public_ipv4_pool": "amazon",
            "tags": {
              "Name": "my-3-tier-architecture-vpc-us-west-2a"
            },
            "tags_all": {
              "Name": "my-3-tier-architecture-vpc-us-west-2a"
            },
            "timeouts": null,
            "vpc": true
          },
          "sensitive_attributes": [],
          "identity_schema_version": 0,
          "private": "eyJlMmJmYjczMC1lY2FhLTExZTYtOGY4OC0zNDM2M2JjN2M0YzAiOnsiZGVsZXRlIjoxODAwMDAwMDAwMDAsInJlYWQiOjkwMDAwMDAwMDAwMCwidXBkYXRlIjozMDAwMDAwMDAwMDB9fQ==",
          "dependencies": [
            "module.networking.data.aws_availability_zones.available"
          ],
          "create_before_destroy": true
        }
      ]
    },
    {
      "module": "module.networking.module.vpc",
      "mode": "managed",
      "type": "aws_internet_gateway",
      "name": "this",
      "provider": "provider[\"registry.terraform.io/hashicorp/aws\"]",
      "instances": [
        {
          "index_key": 0,
          "schema_version": 0,
          "attributes": {
            "arn": "arn:aws:ec2:us-west-2:612623079854:internet-gateway/igw-091b9238de44ca4ff",
            "id": "igw-091b9238de44ca4ff",
            "owner_id": "612623079854",
            "tags": {
              "Name": "my-3-tier-architecture-vpc"
            },
            "tags_all": {
              "Name": "my-3-tier-architecture-vpc"
            },
            "vpc_id": "vpc-066c7bc9d44343408"
          },
          "sensitive_attributes": [],
          "identity_schema_version": 0,
          "private": "bnVsbA==",
          "dependencies": [
            "module.networking.module.vpc.aws_vpc.this",
            "module.networking.module.vpc.aws_vpc_ipv4_cidr_block_association.this"
          ],
          "create_before_destroy": true
        }
      ]
    },
    {
      "module": "module.networking.module.vpc",
      "mode": "managed",
      "type": "aws_nat_gateway",
      "name": "this",
      "provider": "provider[\"registry.terraform.io/hashicorp/aws\"]",
      "instances": [
        {
          "index_key": 0,
          "schema_version": 0,
          "attributes": {
            "allocation_id": "eipalloc-027039ed674e99006",
            "connectivity_type": "public",
            "id": "nat-054d5e8be67c7f79d",
            "network_interface_id": "eni-0a54b7edac8573313",
            "private_ip": "10.0.101.122",
            "public_ip": "44.225.220.232",
            "subnet_id": "subnet-0875a7f462462ab9c",
            "tags": {
              "Name": "my-3-tier-architecture-vpc-us-west-2a"
            },
            "tags_all": {
              "Name": "my-3-tier-architecture-vpc-us-west-2a"
            }
          },
          "sensitive_attributes": [],
          "identity_schema_version": 0,
          "private": "bnVsbA==",
          "dependencies": [
            "module.networking.data.aws_availability_zones.available",
            "module.networking.module.vpc.aws_eip.nat",
            "module.networking.module.vpc.aws_internet_gateway.this",
            "module.networking.module.vpc.aws_subnet.public",
            "module.networking.module.vpc.aws_vpc.this",
            "module.networking.module.vpc.aws_vpc_ipv4_cidr_block_association.this"
          ],
          "create_before_destroy": true
        }
      ]
    },
    {
      "module": "module.networking.module.vpc",
      "mode": "managed",
      "type": "aws_route",
      "name": "private_nat_gateway",
      "provider": "provider[\"registry.terraform.io/hashicorp/aws\"]",
      "instances": [
        {
          "index_key": 0,
          "schema_version": 0,
          "attributes": {
            "carrier_gateway_id": "",
            "destination_cidr_block": "0.0.0.0/0",
            "destination_ipv6_cidr_block": "",
            "destination_prefix_list_id": "",
            "egress_only_gateway_id": "",
            "gateway_id": "",
            "id": "r-rtb-032c78f1f916b95561080289494",
            "instance_id": "",
            "instance_owner_id": "",
            "local_gateway_id": "",
            "nat_gateway_id": "nat-054d5e8be67c7f79d",
            "network_interface_id": "",
            "origin": "CreateRoute",
            "route_table_id": "rtb-032c78f1f916b9556",
            "state": "active",
            "timeouts": {
              "create": "5m",
              "delete": null,
              "update": null
            },
            "transit_gateway_id": "",
            "vpc_endpoint_id": "",
            "vpc_peering_connection_id": ""
          },
          "sensitive_attributes": [],
          "identity_schema_version": 0,
          "private": "eyJlMmJmYjczMC1lY2FhLTExZTYtOGY4OC0zNDM2M2JjN2M0YzAiOnsiY3JlYXRlIjozMDAwMDAwMDAwMDAsImRlbGV0ZSI6MzAwMDAwMDAwMDAwLCJ1cGRhdGUiOjEyMDAwMDAwMDAwMH19",
          "dependencies": [
            "module.networking.data.aws_availability_zones.available",
            "module.networking.module.vpc.aws_eip.nat",
            "module.networking.module.vpc.aws_internet_gateway.this",
            "module.networking.module.vpc.aws_nat_gateway.this",
            "module.networking.module.vpc.aws_route_table.private",
            "module.networking.module.vpc.aws_subnet.public",
            "module.networking.module.vpc.aws_vpc.this",
            "module.networking.module.vpc.aws_vpc_ipv4_cidr_block_association.this"
          ],
          "create_before_destroy": true
        }
      ]
    },
    {
      "module": "module.networking.module.vpc",
      "mode": "managed",
      "type": "aws_route",
      "name": "public_internet_gateway",
      "provider": "provider[\"registry.terraform.io/hashicorp/aws\"]",
      "instances": [
        {
          "index_key": 0,
          "schema_version": 0,
          "attributes": {
            "carrier_gateway_id": "",
            "destination_cidr_block": "0.0.0.0/0",
            "destination_ipv6_cidr_block": "",
            "destination_prefix_list_id": "",
            "egress_only_gateway_id": "",
            "gateway_id": "igw-091b9238de44ca4ff",
            "id": "r-rtb-082454fb6f04c0ce31080289494",
            "instance_id": "",
            "instance_owner_id": "",
            "local_gateway_id": "",
            "nat_gateway_id": "",
            "network_interface_id": "",
            "origin": "CreateRoute",
            "route_table_id": "rtb-082454fb6f04c0ce3",
            "state": "active",
            "timeouts": {
              "create": "5m",
              "delete": null,
              "update": null
            },
            "transit_gateway_id": "",
            "vpc_endpoint_id": "",
            "vpc_peering_connection_id": ""
          },
          "sensitive_attributes": [],
          "identity_schema_version": 0,
          "private": "eyJlMmJmYjczMC1lY2FhLTExZTYtOGY4OC0zNDM2M2JjN2M0YzAiOnsiY3JlYXRlIjozMDAwMDAwMDAwMDAsImRlbGV0ZSI6MzAwMDAwMDAwMDAwLCJ1cGRhdGUiOjEyMDAwMDAwMDAwMH19",
          "dependencies": [
            "module.networking.module.vpc.aws_internet_gateway.this",
            "module.networking.module.vpc.aws_route_table.public",
            "module.networking.module.vpc.aws_vpc.this",
            "module.networking.module.vpc.aws_vpc_ipv4_cidr_block_association.this"
          ],
          "create_before_destroy": true
        }
      ]
    },
    {
      "module": "module.networking.module.vpc",
      "mode": "managed",
      "type": "aws_route_table",
      "name": "private",
      "provider": "provider[\"registry.terraform.io/hashicorp/aws\"]",
      "instances": [
        {
          "index_key": 0,
          "schema_version": 0,
          "attributes": {
            "arn": "arn:aws:ec2:us-west-2:612623079854:route-table/rtb-032c78f1f916b9556",
            "id": "rtb-032c78f1f916b9556",
            "owner_id": "612623079854",
            "propagating_vgws": [],
            "route": [
              {
                "carrier_gateway_id": "",
                "cidr_block": "0.0.0.0/0",
                "destination_prefix_list_id": "",
                "egress_only_gateway_id": "",
                "gateway_id": "",
                "instance_id": "",
                "ipv6_cidr_block": "",
                "local_gateway_id": "",
                "nat_gateway_id": "nat-054d5e8be67c7f79d",
                "network_interface_id": "",
                "transit_gateway_id": "",
                "vpc_endpoint_id": "",
                "vpc_peering_connection_id": ""
              }
            ],
            "tags": {
              "Name": "my-3-tier-architecture-vpc-private"
            },
            "tags_all": {
              "Name": "my-3-tier-architecture-vpc-private"
            },
            "timeouts": null,
            "vpc_id": "vpc-066c7bc9d44343408"
          },
          "sensitive_attributes": [],
          "identity_schema_version": 0,
          "private": "eyJlMmJmYjczMC1lY2FhLTExZTYtOGY4OC0zNDM2M2JjN2M0YzAiOnsiY3JlYXRlIjoxMjAwMDAwMDAwMDAsImRlbGV0ZSI6MzAwMDAwMDAwMDAwLCJ1cGRhdGUiOjEyMDAwMDAwMDAwMH19",
          "dependencies": [
            "module.networking.data.aws_availability_zones.available",
            "module.networking.module.vpc.aws_vpc.this",
            "module.networking.module.vpc.aws_vpc_ipv4_cidr_block_association.this"
          ],
          "create_before_destroy": true
        }
      ]
    },
    {
      "module": "module.networking.module.vpc",
      "mode": "managed",
      "type": "aws_route_table",
      "name": "public",
      "provider": "provider[\"registry.terraform.io/hashicorp/aws\"]",
      "instances": [
        {
          "index_key": 0,
          "schema_version": 0,
          "attributes": {
            "arn": "arn:aws:ec2:us-west-2:612623079854:route-table/rtb-082454fb6f04c0ce3",
            "id": "rtb-082454fb6f04c0ce3",
            "owner_id": "612623079854",
            "propagating_vgws": [],
            "route": [
              {
                "carrier_gateway_id": "",
                "cidr_block": "0.0.0.0/0",
                "destination_prefix_list_id": "",
                "egress_only_gateway_id": "",
                "gateway_id": "igw-091b9238de44ca4ff",
                "instance_id": "",
                "ipv6_cidr_block": "",
                "local_gateway_id": "",
                "nat_gateway_id": "",
                "network_interface_id": "",
                "transit_gateway_id": "",
                "vpc_endpoint_id": "",
                "vpc_peering_connection_id": ""
              }
            ],
            "tags": {
              "Name": "my-3-tier-architecture-vpc-public"
            },
            "tags_all": {
              "Name": "my-3-tier-architecture-vpc-public"
            },
            "timeouts": null,
            "vpc_id": "vpc-066c7bc9d44343408"
          },
          "sensitive_attributes": [],
          "identity_schema_version": 0,
          "private": "eyJlMmJmYjczMC1lY2FhLTExZTYtOGY4OC0zNDM2M2JjN2M0YzAiOnsiY3JlYXRlIjoxMjAwMDAwMDAwMDAsImRlbGV0ZSI6MzAwMDAwMDAwMDAwLCJ1cGRhdGUiOjEyMDAwMDAwMDAwMH19",
          "dependencies": [
            "module.networking.module.vpc.aws_vpc.this",
            "module.networking.module.vpc.aws_vpc_ipv4_cidr_block_association.this"
          ],
          "create_before_destroy": true
        }
      ]
    },
    {
      "module": "module.networking.module.vpc",
      "mode": "managed",
      "type": "aws_route_table_association",
      "name": "database",
      "provider": "provider[\"registry.terraform.io/hashicorp/aws\"]",
      "instances": [
        {
          "index_key": 0,
          "schema_version": 0,
          "attributes": {
            "gateway_id": "",
            "id": "rtbassoc-0864ee5299cabe5e0",
            "route_table_id": "rtb-032c78f1f916b9556",
            "subnet_id": "subnet-059bc3b59416bc430"
          },
          "sensitive_attributes": [],
          "identity_schema_version": 0,
          "private": "bnVsbA==",
          "dependencies": [
            "module.networking.data.aws_availability_zones.available",
            "module.networking.module.vpc.aws_route_table.database",
            "module.networking.module.vpc.aws_route_table.private",
            "module.networking.module.vpc.aws_subnet.database",
            "module.networking.module.vpc.aws_vpc.this",
            "module.networking.module.vpc.aws_vpc_ipv4_cidr_block_association.this"
          ],
          "create_before_destroy": true
        },
        {
          "index_key": 1,
          "schema_version": 0,
          "attributes": {
            "gateway_id": "",
            "id": "rtbassoc-0df97da3f4a32866b",
            "route_table_id": "rtb-032c78f1f916b9556",
            "subnet_id": "subnet-01d5fd604170cc2a0"
          },
          "sensitive_attributes": [],
          "identity_schema_version": 0,
          "private": "bnVsbA==",
          "dependencies": [
            "module.networking.data.aws_availability_zones.available",
            "module.networking.module.vpc.aws_route_table.database",
            "module.networking.module.vpc.aws_route_table.private",
            "module.networking.module.vpc.aws_subnet.database",
            "module.networking.module.vpc.aws_vpc.this",
            "module.networking.module.vpc.aws_vpc_ipv4_cidr_block_association.this"
          ],
          "create_before_destroy": true
        },
        {
          "index_key": 2,
          "schema_version": 0,
          "attributes": {
            "gateway_id": "",
            "id": "rtbassoc-0874ff7c8ed4b6375",
            "route_table_id": "rtb-032c78f1f916b9556",
            "subnet_id": "subnet-0db6236e904b28cd8"
          },
          "sensitive_attributes": [],
          "identity_schema_version": 0,
          "private": "bnVsbA==",
          "dependencies": [
            "module.networking.data.aws_availability_zones.available",
            "module.networking.module.vpc.aws_route_table.database",
            "module.networking.module.vpc.aws_route_table.private",
            "module.networking.module.vpc.aws_subnet.database",
            "module.networking.module.vpc.aws_vpc.this",
            "module.networking.module.vpc.aws_vpc_ipv4_cidr_block_association.this"
          ],
          "create_before_destroy": true
        }
      ]
    },
    {
      "module": "module.networking.module.vpc",
      "mode": "managed",
      "type": "aws_route_table_association",
      "name": "private",
      "provider": "provider[\"registry.terraform.io/hashicorp/aws\"]",
      "instances": [
        {
          "index_key": 0,
          "schema_version": 0,
          "attributes": {
            "gateway_id": "",
            "id": "rtbassoc-0ee62a2f6fcb61f3b",
            "route_table_id": "rtb-032c78f1f916b9556",
            "subnet_id": "subnet-0ce89e37f8fbd9da9"
          },
          "sensitive_attributes": [],
          "identity_schema_version": 0,
          "private": "bnVsbA==",
          "dependencies": [
            "module.networking.data.aws_availability_zones.available",
            "module.networking.module.vpc.aws_route_table.private",
            "module.networking.module.vpc.aws_subnet.private",
            "module.networking.module.vpc.aws_vpc.this",
            "module.networking.module.vpc.aws_vpc_ipv4_cidr_block_association.this"
          ],
          "create_before_destroy": true
        },
        {
          "index_key": 1,
          "schema_version": 0,
          "attributes": {
            "gateway_id": "",
            "id": "rtbassoc-0c477c2cadf919360",
            "route_table_id": "rtb-032c78f1f916b9556",
            "subnet_id": "subnet-0c15c44e9f7e7dc6e"
          },
          "sensitive_attributes": [],
          "identity_schema_version": 0,
          "private": "bnVsbA==",
          "dependencies": [
            "module.networking.data.aws_availability_zones.available",
            "module.networking.module.vpc.aws_route_table.private",
            "module.networking.module.vpc.aws_subnet.private",
            "module.networking.module.vpc.aws_vpc.this",
            "module.networking.module.vpc.aws_vpc_ipv4_cidr_block_association.this"
          ],
          "create_before_destroy": true
        },
        {
          "index_key": 2,
          "schema_version": 0,
          "attributes": {
            "gateway_id": "",
            "id": "rtbassoc-080bb8ae1dbaf4da9",
            "route_table_id": "rtb-032c78f1f916b9556",
            "subnet_id": "subnet-0a9e6c77f1d298d00"
          },
          "sensitive_attributes": [],
          "identity_schema_version": 0,
          "private": "bnVsbA==",
          "dependencies": [
            "module.networking.data.aws_availability_zones.available",
            "module.networking.module.vpc.aws_route_table.private",
            "module.networking.module.vpc.aws_subnet.private",
            "module.networking.module.vpc.aws_vpc.this",
            "module.networking.module.vpc.aws_vpc_ipv4_cidr_block_association.this"
          ],
          "create_before_destroy": true
        }
      ]
    },
    {
      "module": "module.networking.module.vpc",
      "mode": "managed",
      "type": "aws_route_table_association",
      "name": "public",
      "provider": "provider[\"registry.terraform.io/hashicorp/aws\"]",
      "instances": [
        {
          "index_key": 0,
          "schema_version": 0,
          "attributes": {
            "gateway_id": "",
            "id": "rtbassoc-0999156abdabc7a05",
            "route_table_id": "rtb-082454fb6f04c0ce3",
            "subnet_id": "subnet-0875a7f462462ab9c"
          },
          "sensitive_attributes": [],
          "identity_schema_version": 0,
          "private": "bnVsbA==",
          "dependencies": [
            "module.networking.data.aws_availability_zones.available",
            "module.networking.module.vpc.aws_route_table.public",
            "module.networking.module.vpc.aws_subnet.public",
            "module.networking.module.vpc.aws_vpc.this",
            "module.networking.module.vpc.aws_vpc_ipv4_cidr_block_association.this"
          ],
          "create_before_destroy": true
        },
        {
          "index_key": 1,
          "schema_version": 0,
          "attributes": {
            "gateway_id": "",
            "id": "rtbassoc-0be61a084fa81a8f7",
            "route_table_id": "rtb-082454fb6f04c0ce3",
            "subnet_id": "subnet-0bff6144eb4a91689"
          },
          "sensitive_attributes": [],
          "identity_schema_version": 0,
          "private": "bnVsbA==",
          "dependencies": [
            "module.networking.data.aws_availability_zones.available",
            "module.networking.module.vpc.aws_route_table.public",
            "module.networking.module.vpc.aws_subnet.public",
            "module.networking.module.vpc.aws_vpc.this",
            "module.networking.module.vpc.aws_vpc_ipv4_cidr_block_association.this"
          ],
          "create_before_destroy": true
        },
        {
          "index_key": 2,
          "schema_version": 0,
          "attributes": {
            "gateway_id": "",
            "id": "rtbassoc-00b90d81965cf702d",
            "route_table_id": "rtb-082454fb6f04c0ce3",
            "subnet_id": "subnet-0c89dcf9d6fa20d63"
          },
          "sensitive_attributes": [],
          "identity_schema_version": 0,
          "private": "bnVsbA==",
          "dependencies": [
            "module.networking.data.aws_availability_zones.available",
            "module.networking.module.vpc.aws_route_table.public",
            "module.networking.module.vpc.aws_subnet.public",
            "module.networking.module.vpc.aws_vpc.this",
            "module.networking.module.vpc.aws_vpc_ipv4_cidr_block_association.this"
          ],
          "create_before_destroy": true
        }
      ]
    },
    {
      "module": "module.networking.module.vpc",
      "mode": "managed",
      "type": "aws_subnet",
      "name": "database",
      "provider": "provider[\"registry.terraform.io/hashicorp/aws\"]",
      "instances": [
        {
          "index_key": 0,
          "schema_version": 1,
          "attributes": {
            "arn": "arn:aws:ec2:us-west-2:612623079854:subnet/subnet-059bc3b59416bc430",
            "assign_ipv6_address_on_creation": false,
            "availability_zone": "us-west-2a",
            "availability_zone_id": "usw2-az2",
            "cidr_block": "10.0.21.0/24",
            "customer_owned_ipv4_pool": "",
            "id": "subnet-059bc3b59416bc430",
            "ipv6_cidr_block": "",
            "ipv6_cidr_block_association_id": "",
            "map_customer_owned_ip_on_launch": false,
            "map_public_ip_on_launch": false,
            "outpost_arn": "",
            "owner_id": "612623079854",
            "tags": {
              "Name": "my-3-tier-architecture-vpc-db-us-west-2a"
            },
            "tags_all": {
              "Name": "my-3-tier-architecture-vpc-db-us-west-2a"
            },
            "timeouts": null,
            "vpc_id": "vpc-066c7bc9d44343408"
          },
          "sensitive_attributes": [],
          "identity_schema_version": 0,
          "private": "eyJlMmJmYjczMC1lY2FhLTExZTYtOGY4OC0zNDM2M2JjN2M0YzAiOnsiY3JlYXRlIjo2MDAwMDAwMDAwMDAsImRlbGV0ZSI6MTIwMDAwMDAwMDAwMH0sInNjaGVtYV92ZXJzaW9uIjoiMSJ9",
          "dependencies": [
            "module.networking.data.aws_availability_zones.available",
            "module.networking.module.vpc.aws_vpc.this",
            "module.networking.module.vpc.aws_vpc_ipv4_cidr_block_association.this"
          ],
          "create_before_destroy": true
        },
        {
          "index_key": 1,
          "schema_version": 1,
          "attributes": {
            "arn": "arn:aws:ec2:us-west-2:612623079854:subnet/subnet-01d5fd604170cc2a0",
            "assign_ipv6_address_on_creation": false,
            "availability_zone": "us-west-2b",
            "availability_zone_id": "usw2-az1",
            "cidr_block": "10.0.22.0/24",
            "customer_owned_ipv4_pool": "",
            "id": "subnet-01d5fd604170cc2a0",
            "ipv6_cidr_block": "",
            "ipv6_cidr_block_association_id": "",
            "map_customer_owned_ip_on_launch": false,
            "map_public_ip_on_launch": false,
            "outpost_arn": "",
            "owner_id": "612623079854",
            "tags": {
              "Name": "my-3-tier-architecture-vpc-db-us-west-2b"
            },
            "tags_all": {
              "Name": "my-3-tier-architecture-vpc-db-us-west-2b"
            },
            "timeouts": null,
            "vpc_id": "vpc-066c7bc9d44343408"
          },
          "sensitive_attributes": [],
          "identity_schema_version": 0,
          "private": "eyJlMmJmYjczMC1lY2FhLTExZTYtOGY4OC0zNDM2M2JjN2M0YzAiOnsiY3JlYXRlIjo2MDAwMDAwMDAwMDAsImRlbGV0ZSI6MTIwMDAwMDAwMDAwMH0sInNjaGVtYV92ZXJzaW9uIjoiMSJ9",
          "dependencies": [
            "module.networking.data.aws_availability_zones.available",
            "module.networking.module.vpc.aws_vpc.this",
            "module.networking.module.vpc.aws_vpc_ipv4_cidr_block_association.this"
          ],
          "create_before_destroy": true
        },
        {
          "index_key": 2,
          "schema_version": 1,
          "attributes": {
            "arn": "arn:aws:ec2:us-west-2:612623079854:subnet/subnet-0db6236e904b28cd8",
            "assign_ipv6_address_on_creation": false,
            "availability_zone": "us-west-2c",
            "availability_zone_id": "usw2-az3",
            "cidr_block": "10.0.23.0/24",
            "customer_owned_ipv4_pool": "",
            "id": "subnet-0db6236e904b28cd8",
            "ipv6_cidr_block": "",
            "ipv6_cidr_block_association_id": "",
            "map_customer_owned_ip_on_launch": false,
            "map_public_ip_on_launch": false,
            "outpost_arn": "",
            "owner_id": "612623079854",
            "tags": {
              "Name": "my-3-tier-architecture-vpc-db-us-west-2c"
            },
            "tags_all": {
              "Name": "my-3-tier-architecture-vpc-db-us-west-2c"
            },
            "timeouts": null,
            "vpc_id": "vpc-066c7bc9d44343408"
          },
          "sensitive_attributes": [],
          "identity_schema_version": 0,
          "private": "eyJlMmJmYjczMC1lY2FhLTExZTYtOGY4OC0zNDM2M2JjN2M0YzAiOnsiY3JlYXRlIjo2MDAwMDAwMDAwMDAsImRlbGV0ZSI6MTIwMDAwMDAwMDAwMH0sInNjaGVtYV92ZXJzaW9uIjoiMSJ9",
          "dependencies": [
            "module.networking.data.aws_availability_zones.available",
            "module.networking.module.vpc.aws_vpc.this",
            "module.networking.module.vpc.aws_vpc_ipv4_cidr_block_association.this"
          ],
          "create_before_destroy": true
        }
      ]
    },
    {
      "module": "module.networking.module.vpc",
      "mode": "managed",
      "type": "aws_subnet",
      "name": "private",
      "provider": "provider[\"registry.terraform.io/hashicorp/aws\"]",
      "instances": [
        {
          "index_key": 0,
          "schema_version": 1,
          "attributes": {
            "arn": "arn:aws:ec2:us-west-2:612623079854:subnet/subnet-0ce89e37f8fbd9da9",
            "assign_ipv6_address_on_creation": false,
            "availability_zone": "us-west-2a",
            "availability_zone_id": "usw2-az2",
            "cidr_block": "10.0.1.0/24",
            "customer_owned_ipv4_pool": "",
            "id": "subnet-0ce89e37f8fbd9da9",
            "ipv6_cidr_block": "",
            "ipv6_cidr_block_association_id": "",
            "map_customer_owned_ip_on_launch": false,
            "map_public_ip_on_launch": false,
            "outpost_arn": "",
            "owner_id": "612623079854",
            "tags": {
              "Name": "my-3-tier-architecture-vpc-private-us-west-2a"
            },
            "tags_all": {
              "Name": "my-3-tier-architecture-vpc-private-us-west-2a"
            },
            "timeouts": null,
            "vpc_id": "vpc-066c7bc9d44343408"
          },
          "sensitive_attributes": [],
          "identity_schema_version": 0,
          "private": "eyJlMmJmYjczMC1lY2FhLTExZTYtOGY4OC0zNDM2M2JjN2M0YzAiOnsiY3JlYXRlIjo2MDAwMDAwMDAwMDAsImRlbGV0ZSI6MTIwMDAwMDAwMDAwMH0sInNjaGVtYV92ZXJzaW9uIjoiMSJ9",
          "dependencies": [
            "module.networking.data.aws_availability_zones.available",
            "module.networking.module.vpc.aws_vpc.this",
            "module.networking.module.vpc.aws_vpc_ipv4_cidr_block_association.this"
          ],
          "create_before_destroy": true
        },
        {
          "index_key": 1,
          "schema_version": 1,
          "attributes": {
            "arn": "arn:aws:ec2:us-west-2:612623079854:subnet/subnet-0c15c44e9f7e7dc6e",
            "assign_ipv6_address_on_creation": false,
            "availability_zone": "us-west-2b",
            "availability_zone_id": "usw2-az1",
            "cidr_block": "10.0.2.0/24",
            "customer_owned_ipv4_pool": "",
            "id": "subnet-0c15c44e9f7e7dc6e",
            "ipv6_cidr_block": "",
            "ipv6_cidr_block_association_id": "",
            "map_customer_owned_ip_on_launch": false,
            "map_public_ip_on_launch": false,
            "outpost_arn": "",
            "owner_id": "612623079854",
            "tags": {
              "Name": "my-3-tier-architecture-vpc-private-us-west-2b"
            },
            "tags_all": {
              "Name": "my-3-tier-architecture-vpc-private-us-west-2b"
            },
            "timeouts": null,
            "vpc_id": "vpc-066c7bc9d44343408"
          },
          "sensitive_attributes": [],
          "identity_schema_version": 0,
          "private": "eyJlMmJmYjczMC1lY2FhLTExZTYtOGY4OC0zNDM2M2JjN2M0YzAiOnsiY3JlYXRlIjo2MDAwMDAwMDAwMDAsImRlbGV0ZSI6MTIwMDAwMDAwMDAwMH0sInNjaGVtYV92ZXJzaW9uIjoiMSJ9",
          "dependencies": [
            "module.networking.data.aws_availability_zones.available",
            "module.networking.module.vpc.aws_vpc.this",
            "module.networking.module.vpc.aws_vpc_ipv4_cidr_block_association.this"
          ],
          "create_before_destroy": true
        },
        {
          "index_key": 2,
          "schema_version": 1,
          "attributes": {
            "arn": "arn:aws:ec2:us-west-2:612623079854:subnet/subnet-0a9e6c77f1d298d00",
            "assign_ipv6_address_on_creation": false,
            "availability_zone": "us-west-2c",
            "availability_zone_id": "usw2-az3",
            "cidr_block": "10.0.3.0/24",
            "customer_owned_ipv4_pool": "",
            "id": "subnet-0a9e6c77f1d298d00",
            "ipv6_cidr_block": "",
            "ipv6_cidr_block_association_id": "",
            "map_customer_owned_ip_on_launch": false,
            "map_public_ip_on_launch": false,
            "outpost_arn": "",
            "owner_id": "612623079854",
            "tags": {
              "Name": "my-3-tier-architecture-vpc-private-us-west-2c"
            },
            "tags_all": {
              "Name": "my-3-tier-architecture-vpc-private-us-west-2c"
            },
            "timeouts": null,
            "vpc_id": "vpc-066c7bc9d44343408"
          },
          "sensitive_attributes": [],
          "identity_schema_version": 0,
          "private": "eyJlMmJmYjczMC1lY2FhLTExZTYtOGY4OC0zNDM2M2JjN2M0YzAiOnsiY3JlYXRlIjo2MDAwMDAwMDAwMDAsImRlbGV0ZSI6MTIwMDAwMDAwMDAwMH0sInNjaGVtYV92ZXJzaW9uIjoiMSJ9",
          "dependencies": [
            "module.networking.data.aws_availability_zones.available",
            "module.networking.module.vpc.aws_vpc.this",
            "module.networking.module.vpc.aws_vpc_ipv4_cidr_block_association.this"
          ],
          "create_before_destroy": true
        }
      ]
    },
    {
      "module": "module.networking.module.vpc",
      "mode": "managed",
      "type": "aws_subnet",
      "name": "public",
      "provider": "provider[\"registry.terraform.io/hashicorp/aws\"]",
      "instances": [
        {
          "index_key": 0,
          "schema_version": 1,
          "attributes": {
            "arn": "arn:aws:ec2:us-west-2:612623079854:subnet/subnet-0875a7f462462ab9c",
            "assign_ipv6_address_on_creation": false,
            "availability_zone": "us-west-2a",
            "availability_zone_id": "usw2-az2",
            "cidr_block": "10.0.101.0/24",
            "customer_owned_ipv4_pool": "",
            "id": "subnet-0875a7f462462ab9c",
            "ipv6_cidr_block": "",
            "ipv6_cidr_block_association_id": "",
            "map_customer_owned_ip_on_launch": false,
            "map_public_ip_on_launch": true,
            "outpost_arn": "",
            "owner_id": "612623079854",
            "tags": {
              "Name": "my-3-tier-architecture-vpc-public-us-west-2a"
            },
            "tags_all": {
              "Name": "my-3-tier-architecture-vpc-public-us-west-2a"
            },
            "timeouts": null,
            "vpc_id": "vpc-066c7bc9d44343408"
          },
          "sensitive_attributes": [],
          "identity_schema_version": 0,
          "private": "eyJlMmJmYjczMC1lY2FhLTExZTYtOGY4OC0zNDM2M2JjN2M0YzAiOnsiY3JlYXRlIjo2MDAwMDAwMDAwMDAsImRlbGV0ZSI6MTIwMDAwMDAwMDAwMH0sInNjaGVtYV92ZXJzaW9uIjoiMSJ9",
          "dependencies": [
            "module.networking.data.aws_availability_zones.available",
            "module.networking.module.vpc.aws_vpc.this",
            "module.networking.module.vpc.aws_vpc_ipv4_cidr_block_association.this"
          ],
          "create_before_destroy": true
        },
        {
          "index_key": 1,
          "schema_version": 1,
          "attributes": {
            "arn": "arn:aws:ec2:us-west-2:612623079854:subnet/subnet-0bff6144eb4a91689",
            "assign_ipv6_address_on_creation": false,
            "availability_zone": "us-west-2b",
            "availability_zone_id": "usw2-az1",
            "cidr_block": "10.0.102.0/24",
            "customer_owned_ipv4_pool": "",
            "id": "subnet-0bff6144eb4a91689",
            "ipv6_cidr_block": "",
            "ipv6_cidr_block_association_id": "",
            "map_customer_owned_ip_on_launch": false,
            "map_public_ip_on_launch": true,
            "outpost_arn": "",
            "owner_id": "612623079854",
            "tags": {
              "Name": "my-3-tier-architecture-vpc-public-us-west-2b"
            },
            "tags_all": {
              "Name": "my-3-tier-architecture-vpc-public-us-west-2b"
            },
            "timeouts": null,
            "vpc_id": "vpc-066c7bc9d44343408"
          },
          "sensitive_attributes": [],
          "identity_schema_version": 0,
          "private": "eyJlMmJmYjczMC1lY2FhLTExZTYtOGY4OC0zNDM2M2JjN2M0YzAiOnsiY3JlYXRlIjo2MDAwMDAwMDAwMDAsImRlbGV0ZSI6MTIwMDAwMDAwMDAwMH0sInNjaGVtYV92ZXJzaW9uIjoiMSJ9",
          "dependencies": [
            "module.networking.data.aws_availability_zones.available",
            "module.networking.module.vpc.aws_vpc.this",
            "module.networking.module.vpc.aws_vpc_ipv4_cidr_block_association.this"
          ],
          "create_before_destroy": true
        },
        {
          "index_key": 2,
          "schema_version": 1,
          "attributes": {
            "arn": "arn:aws:ec2:us-west-2:612623079854:subnet/subnet-0c89dcf9d6fa20d63",
            "assign_ipv6_address_on_creation": false,
            "availability_zone": "us-west-2c",
            "availability_zone_id": "usw2-az3",
            "cidr_block": "10.0.103.0/24",
            "customer_owned_ipv4_pool": "",
            "id": "subnet-0c89dcf9d6fa20d63",
            "ipv6_cidr_block": "",
            "ipv6_cidr_block_association_id": "",
            "map_customer_owned_ip_on_launch": false,
            "map_public_ip_on_launch": true,
            "outpost_arn": "",
            "owner_id": "612623079854",
            "tags": {
              "Name": "my-3-tier-architecture-vpc-public-us-west-2c"
            },
            "tags_all": {
              "Name": "my-3-tier-architecture-vpc-public-us-west-2c"
            },
            "timeouts": null,
            "vpc_id": "vpc-066c7bc9d44343408"
          },
          "sensitive_attributes": [],
          "identity_schema_version": 0,
          "private": "eyJlMmJmYjczMC1lY2FhLTExZTYtOGY4OC0zNDM2M2JjN2M0YzAiOnsiY3JlYXRlIjo2MDAwMDAwMDAwMDAsImRlbGV0ZSI6MTIwMDAwMDAwMDAwMH0sInNjaGVtYV92ZXJzaW9uIjoiMSJ9",
          "dependencies": [
            "module.networking.data.aws_availability_zones.available",
            "module.networking.module.vpc.aws_vpc.this",
            "module.networking.module.vpc.aws_vpc_ipv4_cidr_block_association.this"
          ],
          "create_before_destroy": true
        }
      ]
    },
    {
      "module": "module.networking.module.vpc",
      "mode": "managed",
      "type": "aws_vpc",
      "name": "this",
      "provider": "provider[\"registry.terraform.io/hashicorp/aws\"]",
      "instances": [
        {
          "index_key": 0,
          "schema_version": 1,
          "attributes": {
            "arn": "arn:aws:ec2:us-west-2:612623079854:vpc/vpc-066c7bc9d44343408",
            "assign_generated_ipv6_cidr_block": false,
            "cidr_block": "10.0.0.0/16",
            "default_network_acl_id": "acl-04fb21ae56de348ca",
            "default_route_table_id": "rtb-00bb5e78a3e785c6d",
            "default_security_group_id": "sg-050f6d0a748d7235b",
            "dhcp_options_id": "dopt-023c97e24628733bf",
            "enable_classiclink": false,
            "enable_classiclink_dns_support": false,
            "enable_dns_hostnames": false,
            "enable_dns_support": true,
            "id": "vpc-066c7bc9d44343408",
            "instance_tenancy": "default",
            "ipv6_association_id": "",
            "ipv6_cidr_block": "",
            "main_route_table_id": "rtb-00bb5e78a3e785c6d",
            "owner_id": "612623079854",
            "tags": {
              "Name": "my-3-tier-architecture-vpc"
            },
            "tags_all": {
              "Name": "my-3-tier-architecture-vpc"
            }
          },
          "sensitive_attributes": [],
          "identity_schema_version": 0,
          "private": "eyJzY2hlbWFfdmVyc2lvbiI6IjEifQ==",
          "create_before_destroy": true
        }
      ]
    },
    {
      "module": "module.networking.module.websvr_sg",
      "mode": "managed",
      "type": "aws_security_group",
      "name": "security_group",
      "provider": "provider[\"registry.terraform.io/hashicorp/aws\"]",
      "instances": [
        {
          "schema_version": 1,
          "attributes": {
            "arn": "arn:aws:ec2:us-west-2:612623079854:security-group/sg-07801e5ce7016a2c5",
            "description": "Managed by Terraform",
            "egress": [
              {
                "cidr_blocks": [
                  "0.0.0.0/0"
                ],
                "description": "",
                "from_port": 0,
                "ipv6_cidr_blocks": [],
                "prefix_list_ids": [],
                "protocol": "-1",
                "security_groups": [],
                "self": false,
                "to_port": 0
              }
            ],
            "id": "sg-07801e5ce7016a2c5",
            "ingress": [
              {
                "cidr_blocks": [
                  "10.0.0.0/16"
                ],
                "description": "",
                "from_port": 22,
                "ipv6_cidr_blocks": [],
                "prefix_list_ids": [],
                "protocol": "tcp",
                "security_groups": [],
                "self": false,
                "to_port": 22
              },
              {
                "cidr_blocks": [],
                "description": "",
                "from_port": 0,
                "ipv6_cidr_blocks": [],
                "prefix_list_ids": [],
                "protocol": "-1",
                "security_groups": [],
                "self": true,
                "to_port": 0
              },
              {
                "cidr_blocks": [],
                "description": "",
                "from_port": 8080,
                "ipv6_cidr_blocks": [],
                "prefix_list_ids": [],
                "protocol": "tcp",
                "security_groups": [
                  "sg-07315936de3b2b638"
                ],
                "self": false,
                "to_port": 8080
              }
            ],
            "name": "terraform-20260506035235578400000005",
            "name_prefix": "terraform-",
            "owner_id": "612623079854",
            "revoke_rules_on_delete": false,
            "tags": {},
            "tags_all": {},
            "timeouts": null,
            "vpc_id": "vpc-066c7bc9d44343408"
          },
          "sensitive_attributes": [],
          "identity_schema_version": 0,
          "private": "eyJlMmJmYjczMC1lY2FhLTExZTYtOGY4OC0zNDM2M2JjN2M0YzAiOnsiY3JlYXRlIjo2MDAwMDAwMDAwMDAsImRlbGV0ZSI6OTAwMDAwMDAwMDAwfSwic2NoZW1hX3ZlcnNpb24iOiIxIn0=",
          "dependencies": [
            "module.networking.module.lb_sg.aws_security_group.security_group",
            "module.networking.module.vpc.aws_vpc.this"
          ],
          "create_before_destroy": true
        }
      ]
    }
  ],
  "check_results": null
}
